// !$*UTF8*$!
{
	archiveVersion = 1;
	classes = {
	};
	objectVersion = 56;
	objects = {

/* Begin PBXBuildFile section */
		0000FCD429DBC2E200AD431A /* Dictionary+Extensions.swift in Sources */ = {isa = PBXBuildFile; fileRef = 0000FCD329DBC2E200AD431A /* Dictionary+Extensions.swift */; };
		0000FCD629DBC82E00AD431A /* v1_public_characters_list_page_two.json in Resources */ = {isa = PBXBuildFile; fileRef = 0000FCD529DBC82E00AD431A /* v1_public_characters_list_page_two.json */; };
		0000FCD929DC6CD500AD431A /* APIKeysTests.swift in Sources */ = {isa = PBXBuildFile; fileRef = 0000FCD829DC6CD500AD431A /* APIKeysTests.swift */; };
		0000FCDB29DC89E600AD431A /* MD5Tests.swift in Sources */ = {isa = PBXBuildFile; fileRef = 0000FCDA29DC89E600AD431A /* MD5Tests.swift */; };
		0000FCDE29DC8CD600AD431A /* CharacterTableViewCell.swift in Sources */ = {isa = PBXBuildFile; fileRef = 0000FCDD29DC8CD600AD431A /* CharacterTableViewCell.swift */; };
		0000FCE129DCD2B700AD431A /* CharacterListDataSource.swift in Sources */ = {isa = PBXBuildFile; fileRef = 0000FCE029DCD2B700AD431A /* CharacterListDataSource.swift */; };
		0000FCE329DCD2E100AD431A /* CharacterListItem.swift in Sources */ = {isa = PBXBuildFile; fileRef = 0000FCE229DCD2E100AD431A /* CharacterListItem.swift */; };
		0000FCE529DDCFE000AD431A /* LoadingTableViewCell.swift in Sources */ = {isa = PBXBuildFile; fileRef = 0000FCE429DDCFE000AD431A /* LoadingTableViewCell.swift */; };
		0000FCE829DDDC2D00AD431A /* CharacterListPresenterTests.swift in Sources */ = {isa = PBXBuildFile; fileRef = 0000FCE729DDDC2D00AD431A /* CharacterListPresenterTests.swift */; };
		000A593429DB8D910046CE7A /* CharacterListViewController.swift in Sources */ = {isa = PBXBuildFile; fileRef = 000A593329DB8D910046CE7A /* CharacterListViewController.swift */; };
		000A593629DB8DA30046CE7A /* CharacterListInteractor.swift in Sources */ = {isa = PBXBuildFile; fileRef = 000A593529DB8DA30046CE7A /* CharacterListInteractor.swift */; };
		000A593929DB8DC20046CE7A /* CharacterListPresenter.swift in Sources */ = {isa = PBXBuildFile; fileRef = 000A593829DB8DC20046CE7A /* CharacterListPresenter.swift */; };
		000A593C29DB8E600046CE7A /* ViewCodeController.swift in Sources */ = {isa = PBXBuildFile; fileRef = 000A593B29DB8E600046CE7A /* ViewCodeController.swift */; };
		000A593F29DB90810046CE7A /* CharacterListConfigurator.swift in Sources */ = {isa = PBXBuildFile; fileRef = 000A593E29DB90810046CE7A /* CharacterListConfigurator.swift */; };
		000A594129DB90A60046CE7A /* ConfiguratorProtocol.swift in Sources */ = {isa = PBXBuildFile; fileRef = 000A594029DB90A60046CE7A /* ConfiguratorProtocol.swift */; };
		000A594429DB91EB0046CE7A /* CharacterListProtocols.swift in Sources */ = {isa = PBXBuildFile; fileRef = 000A594329DB91EB0046CE7A /* CharacterListProtocols.swift */; };
		00494A5329DBA2620098BDF3 /* String+MD5.swift in Sources */ = {isa = PBXBuildFile; fileRef = 00494A5229DBA2620098BDF3 /* String+MD5.swift */; };
		00494A5629DBA2E90098BDF3 /* APIKeys.swift in Sources */ = {isa = PBXBuildFile; fileRef = 00494A5529DBA2E90098BDF3 /* APIKeys.swift */; };
		00494A5A29DBA41E0098BDF3 /* CharacterListInteractorTests.swift in Sources */ = {isa = PBXBuildFile; fileRef = 00494A5929DBA41E0098BDF3 /* CharacterListInteractorTests.swift */; };
		00494A5D29DBA50D0098BDF3 /* CharacterListPresenterProtocolMock.swift in Sources */ = {isa = PBXBuildFile; fileRef = 00494A5C29DBA50D0098BDF3 /* CharacterListPresenterProtocolMock.swift */; };
		00494A5F29DBABCC0098BDF3 /* NetworkClientProtocolMock.swift in Sources */ = {isa = PBXBuildFile; fileRef = 00494A5E29DBABCC0098BDF3 /* NetworkClientProtocolMock.swift */; };
		00494A6129DBAEE50098BDF3 /* CharacterListViewControllerProtocolMock.swift in Sources */ = {isa = PBXBuildFile; fileRef = 00494A6029DBAEE50098BDF3 /* CharacterListViewControllerProtocolMock.swift */; };
		00494A6329DBB2E00098BDF3 /* v1_public_characters_list_page_one.json in Resources */ = {isa = PBXBuildFile; fileRef = 00494A6229DBB2E00098BDF3 /* v1_public_characters_list_page_one.json */; };
		00494A6529DBB30A0098BDF3 /* CharacterList+Mock.swift in Sources */ = {isa = PBXBuildFile; fileRef = 00494A6429DBB30A0098BDF3 /* CharacterList+Mock.swift */; };
		00494A6729DBB4050098BDF3 /* Character+Mock.swift in Sources */ = {isa = PBXBuildFile; fileRef = 00494A6629DBB4050098BDF3 /* Character+Mock.swift */; };
		0049ECE529DB8AFF007F31A7 /* MockEndpoint.swift in Sources */ = {isa = PBXBuildFile; fileRef = 0049ECE429DB8AFF007F31A7 /* MockEndpoint.swift */; };
		0049ECE729DB8B37007F31A7 /* MockObject.swift in Sources */ = {isa = PBXBuildFile; fileRef = 0049ECE629DB8B37007F31A7 /* MockObject.swift */; };
		008FAF0929DB5C9E00560494 /* AppDelegate.swift in Sources */ = {isa = PBXBuildFile; fileRef = 008FAF0829DB5C9E00560494 /* AppDelegate.swift */; };
		008FAF0B29DB5C9E00560494 /* SceneDelegate.swift in Sources */ = {isa = PBXBuildFile; fileRef = 008FAF0A29DB5C9E00560494 /* SceneDelegate.swift */; };
		008FAF1229DB5CA000560494 /* Assets.xcassets in Resources */ = {isa = PBXBuildFile; fileRef = 008FAF1129DB5CA000560494 /* Assets.xcassets */; };
		008FAF1529DB5CA000560494 /* LaunchScreen.storyboard in Resources */ = {isa = PBXBuildFile; fileRef = 008FAF1329DB5CA000560494 /* LaunchScreen.storyboard */; };
		00D092A629DB65F1000780C3 /* NetworkClient.swift in Sources */ = {isa = PBXBuildFile; fileRef = 00D092A529DB65F1000780C3 /* NetworkClient.swift */; };
		00D092AD29DB67F4000780C3 /* CharacterEndpoint.swift in Sources */ = {isa = PBXBuildFile; fileRef = 00D092AC29DB67F4000780C3 /* CharacterEndpoint.swift */; };
		00D092B029DB6818000780C3 /* EndpointConvertible.swift in Sources */ = {isa = PBXBuildFile; fileRef = 00D092AF29DB6818000780C3 /* EndpointConvertible.swift */; };
		00D092B229DB6C0F000780C3 /* CharacterList.swift in Sources */ = {isa = PBXBuildFile; fileRef = 00D092B129DB6C0F000780C3 /* CharacterList.swift */; };
		00D092B429DB6DC6000780C3 /* Character.swift in Sources */ = {isa = PBXBuildFile; fileRef = 00D092B329DB6DC6000780C3 /* Character.swift */; };
		00D092B629DB75EA000780C3 /* NetworkClientProtocol.swift in Sources */ = {isa = PBXBuildFile; fileRef = 00D092B529DB75EA000780C3 /* NetworkClientProtocol.swift */; };
		00D092B929DB794B000780C3 /* NetworkClientTests.swift in Sources */ = {isa = PBXBuildFile; fileRef = 00D092B829DB794B000780C3 /* NetworkClientTests.swift */; };
		7E6D67B3F144F2D687A5C662 /* Pods_MarvelCharacters.framework in Frameworks */ = {isa = PBXBuildFile; fileRef = F1426AD65360CD1BA333284E /* Pods_MarvelCharacters.framework */; };
		99A955A4FE1B1D01094C4B2D /* Pods_MarvelCharactersTests.framework in Frameworks */ = {isa = PBXBuildFile; fileRef = 55C28D5C247418D20ED3FA02 /* Pods_MarvelCharactersTests.framework */; };
/* End PBXBuildFile section */

/* Begin PBXContainerItemProxy section */
		008FAF1C29DB5CA100560494 /* PBXContainerItemProxy */ = {
			isa = PBXContainerItemProxy;
			containerPortal = 008FAEFD29DB5C9E00560494 /* Project object */;
			proxyType = 1;
			remoteGlobalIDString = 008FAF0429DB5C9E00560494;
			remoteInfo = MarvelCharacters;
		};
/* End PBXContainerItemProxy section */

/* Begin PBXFileReference section */
		0000FCD329DBC2E200AD431A /* Dictionary+Extensions.swift */ = {isa = PBXFileReference; lastKnownFileType = sourcecode.swift; path = "Dictionary+Extensions.swift"; sourceTree = "<group>"; };
		0000FCD529DBC82E00AD431A /* v1_public_characters_list_page_two.json */ = {isa = PBXFileReference; fileEncoding = 4; lastKnownFileType = text.json; path = v1_public_characters_list_page_two.json; sourceTree = "<group>"; };
		0000FCD829DC6CD500AD431A /* APIKeysTests.swift */ = {isa = PBXFileReference; lastKnownFileType = sourcecode.swift; path = APIKeysTests.swift; sourceTree = "<group>"; };
		0000FCDA29DC89E600AD431A /* MD5Tests.swift */ = {isa = PBXFileReference; lastKnownFileType = sourcecode.swift; path = MD5Tests.swift; sourceTree = "<group>"; };
		0000FCDD29DC8CD600AD431A /* CharacterTableViewCell.swift */ = {isa = PBXFileReference; lastKnownFileType = sourcecode.swift; path = CharacterTableViewCell.swift; sourceTree = "<group>"; };
		0000FCE029DCD2B700AD431A /* CharacterListDataSource.swift */ = {isa = PBXFileReference; lastKnownFileType = sourcecode.swift; path = CharacterListDataSource.swift; sourceTree = "<group>"; };
		0000FCE229DCD2E100AD431A /* CharacterListItem.swift */ = {isa = PBXFileReference; lastKnownFileType = sourcecode.swift; path = CharacterListItem.swift; sourceTree = "<group>"; };
		0000FCE429DDCFE000AD431A /* LoadingTableViewCell.swift */ = {isa = PBXFileReference; lastKnownFileType = sourcecode.swift; path = LoadingTableViewCell.swift; sourceTree = "<group>"; };
		0000FCE729DDDC2D00AD431A /* CharacterListPresenterTests.swift */ = {isa = PBXFileReference; lastKnownFileType = sourcecode.swift; path = CharacterListPresenterTests.swift; sourceTree = "<group>"; };
		000A593329DB8D910046CE7A /* CharacterListViewController.swift */ = {isa = PBXFileReference; lastKnownFileType = sourcecode.swift; path = CharacterListViewController.swift; sourceTree = "<group>"; };
		000A593529DB8DA30046CE7A /* CharacterListInteractor.swift */ = {isa = PBXFileReference; lastKnownFileType = sourcecode.swift; path = CharacterListInteractor.swift; sourceTree = "<group>"; };
		000A593829DB8DC20046CE7A /* CharacterListPresenter.swift */ = {isa = PBXFileReference; lastKnownFileType = sourcecode.swift; path = CharacterListPresenter.swift; sourceTree = "<group>"; };
		000A593B29DB8E600046CE7A /* ViewCodeController.swift */ = {isa = PBXFileReference; lastKnownFileType = sourcecode.swift; path = ViewCodeController.swift; sourceTree = "<group>"; };
		000A593E29DB90810046CE7A /* CharacterListConfigurator.swift */ = {isa = PBXFileReference; lastKnownFileType = sourcecode.swift; path = CharacterListConfigurator.swift; sourceTree = "<group>"; };
		000A594029DB90A60046CE7A /* ConfiguratorProtocol.swift */ = {isa = PBXFileReference; lastKnownFileType = sourcecode.swift; path = ConfiguratorProtocol.swift; sourceTree = "<group>"; };
		000A594329DB91EB0046CE7A /* CharacterListProtocols.swift */ = {isa = PBXFileReference; lastKnownFileType = sourcecode.swift; path = CharacterListProtocols.swift; sourceTree = "<group>"; };
		000A594529DB9F6B0046CE7A /* Debug.xcconfig */ = {isa = PBXFileReference; lastKnownFileType = text.xcconfig; path = Debug.xcconfig; sourceTree = "<group>"; };
		000A594729DB9FBB0046CE7A /* Release.xcconfig */ = {isa = PBXFileReference; lastKnownFileType = text.xcconfig; path = Release.xcconfig; sourceTree = "<group>"; };
		00494A5229DBA2620098BDF3 /* String+MD5.swift */ = {isa = PBXFileReference; lastKnownFileType = sourcecode.swift; path = "String+MD5.swift"; sourceTree = "<group>"; };
		00494A5529DBA2E90098BDF3 /* APIKeys.swift */ = {isa = PBXFileReference; lastKnownFileType = sourcecode.swift; path = APIKeys.swift; sourceTree = "<group>"; };
		00494A5929DBA41E0098BDF3 /* CharacterListInteractorTests.swift */ = {isa = PBXFileReference; lastKnownFileType = sourcecode.swift; path = CharacterListInteractorTests.swift; sourceTree = "<group>"; };
		00494A5C29DBA50D0098BDF3 /* CharacterListPresenterProtocolMock.swift */ = {isa = PBXFileReference; lastKnownFileType = sourcecode.swift; path = CharacterListPresenterProtocolMock.swift; sourceTree = "<group>"; };
		00494A5E29DBABCC0098BDF3 /* NetworkClientProtocolMock.swift */ = {isa = PBXFileReference; lastKnownFileType = sourcecode.swift; path = NetworkClientProtocolMock.swift; sourceTree = "<group>"; };
		00494A6029DBAEE50098BDF3 /* CharacterListViewControllerProtocolMock.swift */ = {isa = PBXFileReference; lastKnownFileType = sourcecode.swift; path = CharacterListViewControllerProtocolMock.swift; sourceTree = "<group>"; };
		00494A6229DBB2E00098BDF3 /* v1_public_characters_list_page_one.json */ = {isa = PBXFileReference; fileEncoding = 4; lastKnownFileType = text.json; path = v1_public_characters_list_page_one.json; sourceTree = "<group>"; };
		00494A6429DBB30A0098BDF3 /* CharacterList+Mock.swift */ = {isa = PBXFileReference; lastKnownFileType = sourcecode.swift; path = "CharacterList+Mock.swift"; sourceTree = "<group>"; };
		00494A6629DBB4050098BDF3 /* Character+Mock.swift */ = {isa = PBXFileReference; lastKnownFileType = sourcecode.swift; path = "Character+Mock.swift"; sourceTree = "<group>"; };
		0049ECE429DB8AFF007F31A7 /* MockEndpoint.swift */ = {isa = PBXFileReference; lastKnownFileType = sourcecode.swift; path = MockEndpoint.swift; sourceTree = "<group>"; };
		0049ECE629DB8B37007F31A7 /* MockObject.swift */ = {isa = PBXFileReference; lastKnownFileType = sourcecode.swift; path = MockObject.swift; sourceTree = "<group>"; };
		008FAF0529DB5C9E00560494 /* MarvelCharacters.app */ = {isa = PBXFileReference; explicitFileType = wrapper.application; includeInIndex = 0; path = MarvelCharacters.app; sourceTree = BUILT_PRODUCTS_DIR; };
		008FAF0829DB5C9E00560494 /* AppDelegate.swift */ = {isa = PBXFileReference; lastKnownFileType = sourcecode.swift; path = AppDelegate.swift; sourceTree = "<group>"; };
		008FAF0A29DB5C9E00560494 /* SceneDelegate.swift */ = {isa = PBXFileReference; lastKnownFileType = sourcecode.swift; path = SceneDelegate.swift; sourceTree = "<group>"; };
		008FAF1129DB5CA000560494 /* Assets.xcassets */ = {isa = PBXFileReference; lastKnownFileType = folder.assetcatalog; path = Assets.xcassets; sourceTree = "<group>"; };
		008FAF1429DB5CA000560494 /* Base */ = {isa = PBXFileReference; lastKnownFileType = file.storyboard; name = Base; path = Base.lproj/LaunchScreen.storyboard; sourceTree = "<group>"; };
		008FAF1629DB5CA000560494 /* Info.plist */ = {isa = PBXFileReference; lastKnownFileType = text.plist.xml; path = Info.plist; sourceTree = "<group>"; };
		008FAF1B29DB5CA100560494 /* MarvelCharactersTests.xctest */ = {isa = PBXFileReference; explicitFileType = wrapper.cfbundle; includeInIndex = 0; path = MarvelCharactersTests.xctest; sourceTree = BUILT_PRODUCTS_DIR; };
		00D092A529DB65F1000780C3 /* NetworkClient.swift */ = {isa = PBXFileReference; lastKnownFileType = sourcecode.swift; path = NetworkClient.swift; sourceTree = "<group>"; };
		00D092AC29DB67F4000780C3 /* CharacterEndpoint.swift */ = {isa = PBXFileReference; lastKnownFileType = sourcecode.swift; path = CharacterEndpoint.swift; sourceTree = "<group>"; };
		00D092AF29DB6818000780C3 /* EndpointConvertible.swift */ = {isa = PBXFileReference; lastKnownFileType = sourcecode.swift; path = EndpointConvertible.swift; sourceTree = "<group>"; };
		00D092B129DB6C0F000780C3 /* CharacterList.swift */ = {isa = PBXFileReference; lastKnownFileType = sourcecode.swift; path = CharacterList.swift; sourceTree = "<group>"; };
		00D092B329DB6DC6000780C3 /* Character.swift */ = {isa = PBXFileReference; lastKnownFileType = sourcecode.swift; path = Character.swift; sourceTree = "<group>"; };
		00D092B529DB75EA000780C3 /* NetworkClientProtocol.swift */ = {isa = PBXFileReference; lastKnownFileType = sourcecode.swift; path = NetworkClientProtocol.swift; sourceTree = "<group>"; };
		00D092B829DB794B000780C3 /* NetworkClientTests.swift */ = {isa = PBXFileReference; lastKnownFileType = sourcecode.swift; path = NetworkClientTests.swift; sourceTree = "<group>"; };
		4530F11A90A86E21CF5E62F7 /* Pods-MarvelCharacters.release.xcconfig */ = {isa = PBXFileReference; includeInIndex = 1; lastKnownFileType = text.xcconfig; name = "Pods-MarvelCharacters.release.xcconfig"; path = "Target Support Files/Pods-MarvelCharacters/Pods-MarvelCharacters.release.xcconfig"; sourceTree = "<group>"; };
		491E22C675E57A81C0735813 /* Pods-MarvelCharactersTests.debug.xcconfig */ = {isa = PBXFileReference; includeInIndex = 1; lastKnownFileType = text.xcconfig; name = "Pods-MarvelCharactersTests.debug.xcconfig"; path = "Target Support Files/Pods-MarvelCharactersTests/Pods-MarvelCharactersTests.debug.xcconfig"; sourceTree = "<group>"; };
		55C28D5C247418D20ED3FA02 /* Pods_MarvelCharactersTests.framework */ = {isa = PBXFileReference; explicitFileType = wrapper.framework; includeInIndex = 0; path = Pods_MarvelCharactersTests.framework; sourceTree = BUILT_PRODUCTS_DIR; };
		57399E07A7698CB61F392544 /* Pods-MarvelCharacters.debug.xcconfig */ = {isa = PBXFileReference; includeInIndex = 1; lastKnownFileType = text.xcconfig; name = "Pods-MarvelCharacters.debug.xcconfig"; path = "Target Support Files/Pods-MarvelCharacters/Pods-MarvelCharacters.debug.xcconfig"; sourceTree = "<group>"; };
		603CA405875F74B77AE23E89 /* Pods-MarvelCharacters-MarvelCharactersUITests.debug.xcconfig */ = {isa = PBXFileReference; includeInIndex = 1; lastKnownFileType = text.xcconfig; name = "Pods-MarvelCharacters-MarvelCharactersUITests.debug.xcconfig"; path = "Target Support Files/Pods-MarvelCharacters-MarvelCharactersUITests/Pods-MarvelCharacters-MarvelCharactersUITests.debug.xcconfig"; sourceTree = "<group>"; };
		BA3E9F7A1ED6690B207D5197 /* Pods-MarvelCharactersTests.release.xcconfig */ = {isa = PBXFileReference; includeInIndex = 1; lastKnownFileType = text.xcconfig; name = "Pods-MarvelCharactersTests.release.xcconfig"; path = "Target Support Files/Pods-MarvelCharactersTests/Pods-MarvelCharactersTests.release.xcconfig"; sourceTree = "<group>"; };
		C54C9ADFDF0296A8A27BF88D /* Pods_MarvelCharacters_MarvelCharactersUITests.framework */ = {isa = PBXFileReference; explicitFileType = wrapper.framework; includeInIndex = 0; path = Pods_MarvelCharacters_MarvelCharactersUITests.framework; sourceTree = BUILT_PRODUCTS_DIR; };
		E795ADB1529F0918539A33E8 /* Pods-MarvelCharacters-MarvelCharactersUITests.release.xcconfig */ = {isa = PBXFileReference; includeInIndex = 1; lastKnownFileType = text.xcconfig; name = "Pods-MarvelCharacters-MarvelCharactersUITests.release.xcconfig"; path = "Target Support Files/Pods-MarvelCharacters-MarvelCharactersUITests/Pods-MarvelCharacters-MarvelCharactersUITests.release.xcconfig"; sourceTree = "<group>"; };
		F1426AD65360CD1BA333284E /* Pods_MarvelCharacters.framework */ = {isa = PBXFileReference; explicitFileType = wrapper.framework; includeInIndex = 0; path = Pods_MarvelCharacters.framework; sourceTree = BUILT_PRODUCTS_DIR; };
/* End PBXFileReference section */

/* Begin PBXFrameworksBuildPhase section */
		008FAF0229DB5C9E00560494 /* Frameworks */ = {
			isa = PBXFrameworksBuildPhase;
			buildActionMask = 2147483647;
			files = (
				7E6D67B3F144F2D687A5C662 /* Pods_MarvelCharacters.framework in Frameworks */,
			);
			runOnlyForDeploymentPostprocessing = 0;
		};
		008FAF1829DB5CA100560494 /* Frameworks */ = {
			isa = PBXFrameworksBuildPhase;
			buildActionMask = 2147483647;
			files = (
				99A955A4FE1B1D01094C4B2D /* Pods_MarvelCharactersTests.framework in Frameworks */,
			);
			runOnlyForDeploymentPostprocessing = 0;
		};
/* End PBXFrameworksBuildPhase section */

/* Begin PBXGroup section */
		0000FCD729DC6CBF00AD431A /* Util */ = {
			isa = PBXGroup;
			children = (
				0000FCD829DC6CD500AD431A /* APIKeysTests.swift */,
				0000FCDA29DC89E600AD431A /* MD5Tests.swift */,
			);
			path = Util;
			sourceTree = "<group>";
		};
		0000FCDC29DC8CC600AD431A /* Cell */ = {
			isa = PBXGroup;
			children = (
				0000FCDD29DC8CD600AD431A /* CharacterTableViewCell.swift */,
				0000FCE429DDCFE000AD431A /* LoadingTableViewCell.swift */,
			);
			path = Cell;
			sourceTree = "<group>";
		};
		0000FCDF29DCD2A700AD431A /* Entity */ = {
			isa = PBXGroup;
			children = (
				0000FCE029DCD2B700AD431A /* CharacterListDataSource.swift */,
				0000FCE229DCD2E100AD431A /* CharacterListItem.swift */,
			);
			path = Entity;
			sourceTree = "<group>";
		};
		0000FCE629DDDC1D00AD431A /* Presenter */ = {
			isa = PBXGroup;
			children = (
				0000FCE729DDDC2D00AD431A /* CharacterListPresenterTests.swift */,
			);
			path = Presenter;
			sourceTree = "<group>";
		};
		000A593729DB8DAB0046CE7A /* Entity */ = {
			isa = PBXGroup;
			children = (
				00D092B129DB6C0F000780C3 /* CharacterList.swift */,
				00D092B329DB6DC6000780C3 /* Character.swift */,
			);
			path = Entity;
			sourceTree = "<group>";
		};
		000A593A29DB8E270046CE7A /* Util */ = {
			isa = PBXGroup;
			children = (
				00494A5429DBA28F0098BDF3 /* Extension */,
				000A593B29DB8E600046CE7A /* ViewCodeController.swift */,
				000A594029DB90A60046CE7A /* ConfiguratorProtocol.swift */,
				00494A5529DBA2E90098BDF3 /* APIKeys.swift */,
			);
			path = Util;
			sourceTree = "<group>";
		};
		000A593D29DB90700046CE7A /* Configurator */ = {
			isa = PBXGroup;
			children = (
				000A593E29DB90810046CE7A /* CharacterListConfigurator.swift */,
			);
			path = Configurator;
			sourceTree = "<group>";
		};
		000A594229DB91DC0046CE7A /* Contract */ = {
			isa = PBXGroup;
			children = (
				000A594329DB91EB0046CE7A /* CharacterListProtocols.swift */,
			);
			path = Contract;
			sourceTree = "<group>";
		};
		00494A5429DBA28F0098BDF3 /* Extension */ = {
			isa = PBXGroup;
			children = (
				0000FCD329DBC2E200AD431A /* Dictionary+Extensions.swift */,
				00494A5229DBA2620098BDF3 /* String+MD5.swift */,
			);
			path = Extension;
			sourceTree = "<group>";
		};
		00494A5729DBA4060098BDF3 /* CharacterList */ = {
			isa = PBXGroup;
			children = (
				0000FCE629DDDC1D00AD431A /* Presenter */,
				00494A5B29DBA4ED0098BDF3 /* Mock */,
				00494A5829DBA40C0098BDF3 /* Interactor */,
			);
			path = CharacterList;
			sourceTree = "<group>";
		};
		00494A5829DBA40C0098BDF3 /* Interactor */ = {
			isa = PBXGroup;
			children = (
				00494A5929DBA41E0098BDF3 /* CharacterListInteractorTests.swift */,
			);
			path = Interactor;
			sourceTree = "<group>";
		};
		00494A5B29DBA4ED0098BDF3 /* Mock */ = {
			isa = PBXGroup;
			children = (
				0000FCD529DBC82E00AD431A /* v1_public_characters_list_page_two.json */,
				00494A6229DBB2E00098BDF3 /* v1_public_characters_list_page_one.json */,
				00494A5C29DBA50D0098BDF3 /* CharacterListPresenterProtocolMock.swift */,
				00494A6029DBAEE50098BDF3 /* CharacterListViewControllerProtocolMock.swift */,
				00494A6429DBB30A0098BDF3 /* CharacterList+Mock.swift */,
				00494A6629DBB4050098BDF3 /* Character+Mock.swift */,
			);
			path = Mock;
			sourceTree = "<group>";
		};
		0049ECE329DB8AF0007F31A7 /* Mock */ = {
			isa = PBXGroup;
			children = (
				0049ECE429DB8AFF007F31A7 /* MockEndpoint.swift */,
				0049ECE629DB8B37007F31A7 /* MockObject.swift */,
				00494A5E29DBABCC0098BDF3 /* NetworkClientProtocolMock.swift */,
			);
			path = Mock;
			sourceTree = "<group>";
		};
		008FAEFC29DB5C9E00560494 = {
			isa = PBXGroup;
			children = (
				008FAF0729DB5C9E00560494 /* MarvelCharacters */,
				008FAF1E29DB5CA100560494 /* MarvelCharactersTests */,
				008FAF0629DB5C9E00560494 /* Products */,
				942AF89D8D2DBCDDE5AE7DE9 /* Pods */,
				8E635D648A6D4D0CD463CF12 /* Frameworks */,
			);
			sourceTree = "<group>";
		};
		008FAF0629DB5C9E00560494 /* Products */ = {
			isa = PBXGroup;
			children = (
				008FAF0529DB5C9E00560494 /* MarvelCharacters.app */,
				008FAF1B29DB5CA100560494 /* MarvelCharactersTests.xctest */,
			);
			name = Products;
			sourceTree = "<group>";
		};
		008FAF0729DB5C9E00560494 /* MarvelCharacters */ = {
			isa = PBXGroup;
			children = (
				000A593A29DB8E270046CE7A /* Util */,
				00D092A729DB67B0000780C3 /* CharacterList */,
				00D092A329DB656F000780C3 /* Network */,
				008FAF0829DB5C9E00560494 /* AppDelegate.swift */,
				008FAF0A29DB5C9E00560494 /* SceneDelegate.swift */,
				008FAF1129DB5CA000560494 /* Assets.xcassets */,
				008FAF1329DB5CA000560494 /* LaunchScreen.storyboard */,
				008FAF1629DB5CA000560494 /* Info.plist */,
				000A594529DB9F6B0046CE7A /* Debug.xcconfig */,
				000A594729DB9FBB0046CE7A /* Release.xcconfig */,
			);
			path = MarvelCharacters;
			sourceTree = "<group>";
		};
		008FAF1E29DB5CA100560494 /* MarvelCharactersTests */ = {
			isa = PBXGroup;
			children = (
				0000FCD729DC6CBF00AD431A /* Util */,
				00494A5729DBA4060098BDF3 /* CharacterList */,
				00D092B729DB7928000780C3 /* Network */,
			);
			path = MarvelCharactersTests;
			sourceTree = "<group>";
		};
		00D092A329DB656F000780C3 /* Network */ = {
			isa = PBXGroup;
			children = (
				00D092A529DB65F1000780C3 /* NetworkClient.swift */,
				00D092AF29DB6818000780C3 /* EndpointConvertible.swift */,
				00D092B529DB75EA000780C3 /* NetworkClientProtocol.swift */,
			);
			path = Network;
			sourceTree = "<group>";
		};
		00D092A729DB67B0000780C3 /* CharacterList */ = {
			isa = PBXGroup;
			children = (
				000A594229DB91DC0046CE7A /* Contract */,
				000A593D29DB90700046CE7A /* Configurator */,
				00D092AA29DB67D7000780C3 /* Presenter */,
				00D092A929DB67CD000780C3 /* Interactor */,
				00D092A829DB67C6000780C3 /* View */,
			);
			path = CharacterList;
			sourceTree = "<group>";
		};
		00D092A829DB67C6000780C3 /* View */ = {
			isa = PBXGroup;
			children = (
				0000FCDF29DCD2A700AD431A /* Entity */,
				0000FCDC29DC8CC600AD431A /* Cell */,
				000A593329DB8D910046CE7A /* CharacterListViewController.swift */,
			);
			path = View;
			sourceTree = "<group>";
		};
		00D092A929DB67CD000780C3 /* Interactor */ = {
			isa = PBXGroup;
			children = (
				000A593729DB8DAB0046CE7A /* Entity */,
				00D092AB29DB67E4000780C3 /* Network */,
				000A593529DB8DA30046CE7A /* CharacterListInteractor.swift */,
			);
			path = Interactor;
			sourceTree = "<group>";
		};
		00D092AA29DB67D7000780C3 /* Presenter */ = {
			isa = PBXGroup;
			children = (
				000A593829DB8DC20046CE7A /* CharacterListPresenter.swift */,
			);
			path = Presenter;
			sourceTree = "<group>";
		};
		00D092AB29DB67E4000780C3 /* Network */ = {
			isa = PBXGroup;
			children = (
				00D092AC29DB67F4000780C3 /* CharacterEndpoint.swift */,
			);
			path = Network;
			sourceTree = "<group>";
		};
		00D092B729DB7928000780C3 /* Network */ = {
			isa = PBXGroup;
			children = (
				0049ECE329DB8AF0007F31A7 /* Mock */,
				00D092B829DB794B000780C3 /* NetworkClientTests.swift */,
			);
			path = Network;
			sourceTree = "<group>";
		};
		8E635D648A6D4D0CD463CF12 /* Frameworks */ = {
			isa = PBXGroup;
			children = (
				F1426AD65360CD1BA333284E /* Pods_MarvelCharacters.framework */,
				C54C9ADFDF0296A8A27BF88D /* Pods_MarvelCharacters_MarvelCharactersUITests.framework */,
				55C28D5C247418D20ED3FA02 /* Pods_MarvelCharactersTests.framework */,
			);
			name = Frameworks;
			sourceTree = "<group>";
		};
		942AF89D8D2DBCDDE5AE7DE9 /* Pods */ = {
			isa = PBXGroup;
			children = (
				57399E07A7698CB61F392544 /* Pods-MarvelCharacters.debug.xcconfig */,
				4530F11A90A86E21CF5E62F7 /* Pods-MarvelCharacters.release.xcconfig */,
				603CA405875F74B77AE23E89 /* Pods-MarvelCharacters-MarvelCharactersUITests.debug.xcconfig */,
				E795ADB1529F0918539A33E8 /* Pods-MarvelCharacters-MarvelCharactersUITests.release.xcconfig */,
				491E22C675E57A81C0735813 /* Pods-MarvelCharactersTests.debug.xcconfig */,
				BA3E9F7A1ED6690B207D5197 /* Pods-MarvelCharactersTests.release.xcconfig */,
			);
			path = Pods;
			sourceTree = "<group>";
		};
/* End PBXGroup section */

/* Begin PBXNativeTarget section */
		008FAF0429DB5C9E00560494 /* MarvelCharacters */ = {
			isa = PBXNativeTarget;
			buildConfigurationList = 008FAF2F29DB5CA100560494 /* Build configuration list for PBXNativeTarget "MarvelCharacters" */;
			buildPhases = (
				3B9993989C11B632BCDA2C34 /* [CP] Check Pods Manifest.lock */,
				008FAF0129DB5C9E00560494 /* Sources */,
				008FAF0229DB5C9E00560494 /* Frameworks */,
				008FAF0329DB5C9E00560494 /* Resources */,
				4A84CA3359CDC996D3C8D465 /* [CP] Embed Pods Frameworks */,
			);
			buildRules = (
			);
			dependencies = (
			);
			name = MarvelCharacters;
			productName = MarvelCharacters;
			productReference = 008FAF0529DB5C9E00560494 /* MarvelCharacters.app */;
			productType = "com.apple.product-type.application";
		};
		008FAF1A29DB5CA100560494 /* MarvelCharactersTests */ = {
			isa = PBXNativeTarget;
			buildConfigurationList = 008FAF3229DB5CA100560494 /* Build configuration list for PBXNativeTarget "MarvelCharactersTests" */;
			buildPhases = (
				B790A981590B14309E3D7F0B /* [CP] Check Pods Manifest.lock */,
				008FAF1729DB5CA100560494 /* Sources */,
				008FAF1829DB5CA100560494 /* Frameworks */,
				008FAF1929DB5CA100560494 /* Resources */,
				CC9BF2CE54764D6FB09BC537 /* [CP] Embed Pods Frameworks */,
			);
			buildRules = (
			);
			dependencies = (
				008FAF1D29DB5CA100560494 /* PBXTargetDependency */,
			);
			name = MarvelCharactersTests;
			productName = MarvelCharactersTests;
			productReference = 008FAF1B29DB5CA100560494 /* MarvelCharactersTests.xctest */;
			productType = "com.apple.product-type.bundle.unit-test";
		};
/* End PBXNativeTarget section */

/* Begin PBXProject section */
		008FAEFD29DB5C9E00560494 /* Project object */ = {
			isa = PBXProject;
			attributes = {
				BuildIndependentTargetsInParallel = 1;
				LastSwiftUpdateCheck = 1420;
				LastUpgradeCheck = 1420;
				TargetAttributes = {
					008FAF0429DB5C9E00560494 = {
						CreatedOnToolsVersion = 14.2;
					};
					008FAF1A29DB5CA100560494 = {
						CreatedOnToolsVersion = 14.2;
						TestTargetID = 008FAF0429DB5C9E00560494;
					};
				};
			};
			buildConfigurationList = 008FAF0029DB5C9E00560494 /* Build configuration list for PBXProject "MarvelCharacters" */;
			compatibilityVersion = "Xcode 14.0";
			developmentRegion = en;
			hasScannedForEncodings = 0;
			knownRegions = (
				en,
				Base,
			);
			mainGroup = 008FAEFC29DB5C9E00560494;
			productRefGroup = 008FAF0629DB5C9E00560494 /* Products */;
			projectDirPath = "";
			projectRoot = "";
			targets = (
				008FAF0429DB5C9E00560494 /* MarvelCharacters */,
				008FAF1A29DB5CA100560494 /* MarvelCharactersTests */,
			);
		};
/* End PBXProject section */

/* Begin PBXResourcesBuildPhase section */
		008FAF0329DB5C9E00560494 /* Resources */ = {
			isa = PBXResourcesBuildPhase;
			buildActionMask = 2147483647;
			files = (
				008FAF1529DB5CA000560494 /* LaunchScreen.storyboard in Resources */,
				008FAF1229DB5CA000560494 /* Assets.xcassets in Resources */,
			);
			runOnlyForDeploymentPostprocessing = 0;
		};
		008FAF1929DB5CA100560494 /* Resources */ = {
			isa = PBXResourcesBuildPhase;
			buildActionMask = 2147483647;
			files = (
				00494A6329DBB2E00098BDF3 /* v1_public_characters_list_page_one.json in Resources */,
				0000FCD629DBC82E00AD431A /* v1_public_characters_list_page_two.json in Resources */,
			);
			runOnlyForDeploymentPostprocessing = 0;
		};
/* End PBXResourcesBuildPhase section */

/* Begin PBXShellScriptBuildPhase section */
		3B9993989C11B632BCDA2C34 /* [CP] Check Pods Manifest.lock */ = {
			isa = PBXShellScriptBuildPhase;
			buildActionMask = 2147483647;
			files = (
			);
			inputFileListPaths = (
			);
			inputPaths = (
				"${PODS_PODFILE_DIR_PATH}/Podfile.lock",
				"${PODS_ROOT}/Manifest.lock",
			);
			name = "[CP] Check Pods Manifest.lock";
			outputFileListPaths = (
			);
			outputPaths = (
				"$(DERIVED_FILE_DIR)/Pods-MarvelCharacters-checkManifestLockResult.txt",
			);
			runOnlyForDeploymentPostprocessing = 0;
			shellPath = /bin/sh;
			shellScript = "diff \"${PODS_PODFILE_DIR_PATH}/Podfile.lock\" \"${PODS_ROOT}/Manifest.lock\" > /dev/null\nif [ $? != 0 ] ; then\n    # print error to STDERR\n    echo \"error: The sandbox is not in sync with the Podfile.lock. Run 'pod install' or update your CocoaPods installation.\" >&2\n    exit 1\nfi\n# This output is used by Xcode 'outputs' to avoid re-running this script phase.\necho \"SUCCESS\" > \"${SCRIPT_OUTPUT_FILE_0}\"\n";
			showEnvVarsInLog = 0;
		};
		4A84CA3359CDC996D3C8D465 /* [CP] Embed Pods Frameworks */ = {
			isa = PBXShellScriptBuildPhase;
			buildActionMask = 2147483647;
			files = (
			);
			inputFileListPaths = (
				"${PODS_ROOT}/Target Support Files/Pods-MarvelCharacters/Pods-MarvelCharacters-frameworks-${CONFIGURATION}-input-files.xcfilelist",
			);
			name = "[CP] Embed Pods Frameworks";
			outputFileListPaths = (
				"${PODS_ROOT}/Target Support Files/Pods-MarvelCharacters/Pods-MarvelCharacters-frameworks-${CONFIGURATION}-output-files.xcfilelist",
			);
			runOnlyForDeploymentPostprocessing = 0;
			shellPath = /bin/sh;
			shellScript = "\"${PODS_ROOT}/Target Support Files/Pods-MarvelCharacters/Pods-MarvelCharacters-frameworks.sh\"\n";
			showEnvVarsInLog = 0;
		};
		B790A981590B14309E3D7F0B /* [CP] Check Pods Manifest.lock */ = {
			isa = PBXShellScriptBuildPhase;
			buildActionMask = 2147483647;
			files = (
			);
			inputFileListPaths = (
			);
			inputPaths = (
				"${PODS_PODFILE_DIR_PATH}/Podfile.lock",
				"${PODS_ROOT}/Manifest.lock",
			);
			name = "[CP] Check Pods Manifest.lock";
			outputFileListPaths = (
			);
			outputPaths = (
				"$(DERIVED_FILE_DIR)/Pods-MarvelCharactersTests-checkManifestLockResult.txt",
			);
			runOnlyForDeploymentPostprocessing = 0;
			shellPath = /bin/sh;
			shellScript = "diff \"${PODS_PODFILE_DIR_PATH}/Podfile.lock\" \"${PODS_ROOT}/Manifest.lock\" > /dev/null\nif [ $? != 0 ] ; then\n    # print error to STDERR\n    echo \"error: The sandbox is not in sync with the Podfile.lock. Run 'pod install' or update your CocoaPods installation.\" >&2\n    exit 1\nfi\n# This output is used by Xcode 'outputs' to avoid re-running this script phase.\necho \"SUCCESS\" > \"${SCRIPT_OUTPUT_FILE_0}\"\n";
			showEnvVarsInLog = 0;
		};
		CC9BF2CE54764D6FB09BC537 /* [CP] Embed Pods Frameworks */ = {
			isa = PBXShellScriptBuildPhase;
			buildActionMask = 2147483647;
			files = (
			);
			inputFileListPaths = (
				"${PODS_ROOT}/Target Support Files/Pods-MarvelCharactersTests/Pods-MarvelCharactersTests-frameworks-${CONFIGURATION}-input-files.xcfilelist",
			);
			name = "[CP] Embed Pods Frameworks";
			outputFileListPaths = (
				"${PODS_ROOT}/Target Support Files/Pods-MarvelCharactersTests/Pods-MarvelCharactersTests-frameworks-${CONFIGURATION}-output-files.xcfilelist",
			);
			runOnlyForDeploymentPostprocessing = 0;
			shellPath = /bin/sh;
			shellScript = "\"${PODS_ROOT}/Target Support Files/Pods-MarvelCharactersTests/Pods-MarvelCharactersTests-frameworks.sh\"\n";
			showEnvVarsInLog = 0;
		};
/* End PBXShellScriptBuildPhase section */

/* Begin PBXSourcesBuildPhase section */
		008FAF0129DB5C9E00560494 /* Sources */ = {
			isa = PBXSourcesBuildPhase;
			buildActionMask = 2147483647;
			files = (
				000A594129DB90A60046CE7A /* ConfiguratorProtocol.swift in Sources */,
				000A593F29DB90810046CE7A /* CharacterListConfigurator.swift in Sources */,
				00D092B029DB6818000780C3 /* EndpointConvertible.swift in Sources */,
				00D092B229DB6C0F000780C3 /* CharacterList.swift in Sources */,
				000A593429DB8D910046CE7A /* CharacterListViewController.swift in Sources */,
				000A594429DB91EB0046CE7A /* CharacterListProtocols.swift in Sources */,
				000A593929DB8DC20046CE7A /* CharacterListPresenter.swift in Sources */,
				0000FCD429DBC2E200AD431A /* Dictionary+Extensions.swift in Sources */,
				0000FCE329DCD2E100AD431A /* CharacterListItem.swift in Sources */,
				0000FCE129DCD2B700AD431A /* CharacterListDataSource.swift in Sources */,
				00494A5329DBA2620098BDF3 /* String+MD5.swift in Sources */,
				008FAF0929DB5C9E00560494 /* AppDelegate.swift in Sources */,
				000A593629DB8DA30046CE7A /* CharacterListInteractor.swift in Sources */,
				008FAF0B29DB5C9E00560494 /* SceneDelegate.swift in Sources */,
				00494A5629DBA2E90098BDF3 /* APIKeys.swift in Sources */,
				000A593C29DB8E600046CE7A /* ViewCodeController.swift in Sources */,
				0000FCDE29DC8CD600AD431A /* CharacterTableViewCell.swift in Sources */,
				00D092A629DB65F1000780C3 /* NetworkClient.swift in Sources */,
				0000FCE529DDCFE000AD431A /* LoadingTableViewCell.swift in Sources */,
				00D092AD29DB67F4000780C3 /* CharacterEndpoint.swift in Sources */,
				00D092B429DB6DC6000780C3 /* Character.swift in Sources */,
				00D092B629DB75EA000780C3 /* NetworkClientProtocol.swift in Sources */,
			);
			runOnlyForDeploymentPostprocessing = 0;
		};
		008FAF1729DB5CA100560494 /* Sources */ = {
			isa = PBXSourcesBuildPhase;
			buildActionMask = 2147483647;
			files = (
				0000FCE829DDDC2D00AD431A /* CharacterListPresenterTests.swift in Sources */,
				0000FCD929DC6CD500AD431A /* APIKeysTests.swift in Sources */,
				00494A5A29DBA41E0098BDF3 /* CharacterListInteractorTests.swift in Sources */,
				00494A6529DBB30A0098BDF3 /* CharacterList+Mock.swift in Sources */,
				00494A6129DBAEE50098BDF3 /* CharacterListViewControllerProtocolMock.swift in Sources */,
				0049ECE729DB8B37007F31A7 /* MockObject.swift in Sources */,
				00494A5D29DBA50D0098BDF3 /* CharacterListPresenterProtocolMock.swift in Sources */,
				0049ECE529DB8AFF007F31A7 /* MockEndpoint.swift in Sources */,
				00494A6729DBB4050098BDF3 /* Character+Mock.swift in Sources */,
				0000FCDB29DC89E600AD431A /* MD5Tests.swift in Sources */,
				00D092B929DB794B000780C3 /* NetworkClientTests.swift in Sources */,
				00494A5F29DBABCC0098BDF3 /* NetworkClientProtocolMock.swift in Sources */,
			);
			runOnlyForDeploymentPostprocessing = 0;
		};
/* End PBXSourcesBuildPhase section */

/* Begin PBXTargetDependency section */
		008FAF1D29DB5CA100560494 /* PBXTargetDependency */ = {
			isa = PBXTargetDependency;
			target = 008FAF0429DB5C9E00560494 /* MarvelCharacters */;
			targetProxy = 008FAF1C29DB5CA100560494 /* PBXContainerItemProxy */;
		};
/* End PBXTargetDependency section */

/* Begin PBXVariantGroup section */
		008FAF1329DB5CA000560494 /* LaunchScreen.storyboard */ = {
			isa = PBXVariantGroup;
			children = (
				008FAF1429DB5CA000560494 /* Base */,
			);
			name = LaunchScreen.storyboard;
			sourceTree = "<group>";
		};
/* End PBXVariantGroup section */

/* Begin XCBuildConfiguration section */
		008FAF2D29DB5CA100560494 /* Debug */ = {
			isa = XCBuildConfiguration;
			buildSettings = {
				ALWAYS_SEARCH_USER_PATHS = NO;
				CLANG_ANALYZER_NONNULL = YES;
				CLANG_ANALYZER_NUMBER_OBJECT_CONVERSION = YES_AGGRESSIVE;
				CLANG_CXX_LANGUAGE_STANDARD = "gnu++20";
				CLANG_ENABLE_MODULES = YES;
				CLANG_ENABLE_OBJC_ARC = YES;
				CLANG_ENABLE_OBJC_WEAK = YES;
				CLANG_WARN_BLOCK_CAPTURE_AUTORELEASING = YES;
				CLANG_WARN_BOOL_CONVERSION = YES;
				CLANG_WARN_COMMA = YES;
				CLANG_WARN_CONSTANT_CONVERSION = YES;
				CLANG_WARN_DEPRECATED_OBJC_IMPLEMENTATIONS = YES;
				CLANG_WARN_DIRECT_OBJC_ISA_USAGE = YES_ERROR;
				CLANG_WARN_DOCUMENTATION_COMMENTS = YES;
				CLANG_WARN_EMPTY_BODY = YES;
				CLANG_WARN_ENUM_CONVERSION = YES;
				CLANG_WARN_INFINITE_RECURSION = YES;
				CLANG_WARN_INT_CONVERSION = YES;
				CLANG_WARN_NON_LITERAL_NULL_CONVERSION = YES;
				CLANG_WARN_OBJC_IMPLICIT_RETAIN_SELF = YES;
				CLANG_WARN_OBJC_LITERAL_CONVERSION = YES;
				CLANG_WARN_OBJC_ROOT_CLASS = YES_ERROR;
				CLANG_WARN_QUOTED_INCLUDE_IN_FRAMEWORK_HEADER = YES;
				CLANG_WARN_RANGE_LOOP_ANALYSIS = YES;
				CLANG_WARN_STRICT_PROTOTYPES = YES;
				CLANG_WARN_SUSPICIOUS_MOVE = YES;
				CLANG_WARN_UNGUARDED_AVAILABILITY = YES_AGGRESSIVE;
				CLANG_WARN_UNREACHABLE_CODE = YES;
				CLANG_WARN__DUPLICATE_METHOD_MATCH = YES;
				COPY_PHASE_STRIP = NO;
				DEBUG_INFORMATION_FORMAT = dwarf;
				ENABLE_STRICT_OBJC_MSGSEND = YES;
				ENABLE_TESTABILITY = YES;
				GCC_C_LANGUAGE_STANDARD = gnu11;
				GCC_DYNAMIC_NO_PIC = NO;
				GCC_NO_COMMON_BLOCKS = YES;
				GCC_OPTIMIZATION_LEVEL = 0;
				GCC_PREPROCESSOR_DEFINITIONS = (
					"DEBUG=1",
					"$(inherited)",
				);
				GCC_WARN_64_TO_32_BIT_CONVERSION = YES;
				GCC_WARN_ABOUT_RETURN_TYPE = YES_ERROR;
				GCC_WARN_UNDECLARED_SELECTOR = YES;
				GCC_WARN_UNINITIALIZED_AUTOS = YES_AGGRESSIVE;
				GCC_WARN_UNUSED_FUNCTION = YES;
				GCC_WARN_UNUSED_VARIABLE = YES;
				IPHONEOS_DEPLOYMENT_TARGET = 16.0;
				MTL_ENABLE_DEBUG_INFO = INCLUDE_SOURCE;
				MTL_FAST_MATH = YES;
				ONLY_ACTIVE_ARCH = YES;
				SDKROOT = iphoneos;
				SWIFT_ACTIVE_COMPILATION_CONDITIONS = DEBUG;
				SWIFT_OPTIMIZATION_LEVEL = "-Onone";
			};
			name = Debug;
		};
		008FAF2E29DB5CA100560494 /* Release */ = {
			isa = XCBuildConfiguration;
			buildSettings = {
				ALWAYS_SEARCH_USER_PATHS = NO;
				CLANG_ANALYZER_NONNULL = YES;
				CLANG_ANALYZER_NUMBER_OBJECT_CONVERSION = YES_AGGRESSIVE;
				CLANG_CXX_LANGUAGE_STANDARD = "gnu++20";
				CLANG_ENABLE_MODULES = YES;
				CLANG_ENABLE_OBJC_ARC = YES;
				CLANG_ENABLE_OBJC_WEAK = YES;
				CLANG_WARN_BLOCK_CAPTURE_AUTORELEASING = YES;
				CLANG_WARN_BOOL_CONVERSION = YES;
				CLANG_WARN_COMMA = YES;
				CLANG_WARN_CONSTANT_CONVERSION = YES;
				CLANG_WARN_DEPRECATED_OBJC_IMPLEMENTATIONS = YES;
				CLANG_WARN_DIRECT_OBJC_ISA_USAGE = YES_ERROR;
				CLANG_WARN_DOCUMENTATION_COMMENTS = YES;
				CLANG_WARN_EMPTY_BODY = YES;
				CLANG_WARN_ENUM_CONVERSION = YES;
				CLANG_WARN_INFINITE_RECURSION = YES;
				CLANG_WARN_INT_CONVERSION = YES;
				CLANG_WARN_NON_LITERAL_NULL_CONVERSION = YES;
				CLANG_WARN_OBJC_IMPLICIT_RETAIN_SELF = YES;
				CLANG_WARN_OBJC_LITERAL_CONVERSION = YES;
				CLANG_WARN_OBJC_ROOT_CLASS = YES_ERROR;
				CLANG_WARN_QUOTED_INCLUDE_IN_FRAMEWORK_HEADER = YES;
				CLANG_WARN_RANGE_LOOP_ANALYSIS = YES;
				CLANG_WARN_STRICT_PROTOTYPES = YES;
				CLANG_WARN_SUSPICIOUS_MOVE = YES;
				CLANG_WARN_UNGUARDED_AVAILABILITY = YES_AGGRESSIVE;
				CLANG_WARN_UNREACHABLE_CODE = YES;
				CLANG_WARN__DUPLICATE_METHOD_MATCH = YES;
				COPY_PHASE_STRIP = NO;
				DEBUG_INFORMATION_FORMAT = "dwarf-with-dsym";
				ENABLE_NS_ASSERTIONS = NO;
				ENABLE_STRICT_OBJC_MSGSEND = YES;
				GCC_C_LANGUAGE_STANDARD = gnu11;
				GCC_NO_COMMON_BLOCKS = YES;
				GCC_WARN_64_TO_32_BIT_CONVERSION = YES;
				GCC_WARN_ABOUT_RETURN_TYPE = YES_ERROR;
				GCC_WARN_UNDECLARED_SELECTOR = YES;
				GCC_WARN_UNINITIALIZED_AUTOS = YES_AGGRESSIVE;
				GCC_WARN_UNUSED_FUNCTION = YES;
				GCC_WARN_UNUSED_VARIABLE = YES;
				IPHONEOS_DEPLOYMENT_TARGET = 16.0;
				MTL_ENABLE_DEBUG_INFO = NO;
				MTL_FAST_MATH = YES;
				SDKROOT = iphoneos;
				SWIFT_COMPILATION_MODE = wholemodule;
				SWIFT_OPTIMIZATION_LEVEL = "-O";
				VALIDATE_PRODUCT = YES;
			};
			name = Release;
		};
		008FAF3029DB5CA100560494 /* Debug */ = {
			isa = XCBuildConfiguration;
			baseConfigurationReference = 000A594529DB9F6B0046CE7A /* Debug.xcconfig */;
			buildSettings = {
				ALWAYS_EMBED_SWIFT_STANDARD_LIBRARIES = "$(inherited)";
				ASSETCATALOG_COMPILER_APPICON_NAME = AppIcon;
				ASSETCATALOG_COMPILER_GLOBAL_ACCENT_COLOR_NAME = AccentColor;
				CODE_SIGN_STYLE = Automatic;
				CURRENT_PROJECT_VERSION = 1;
				DEVELOPMENT_TEAM = 54MQQS737M;
				GENERATE_INFOPLIST_FILE = YES;
				INFOPLIST_FILE = MarvelCharacters/Info.plist;
				INFOPLIST_KEY_UIApplicationSupportsIndirectInputEvents = YES;
				INFOPLIST_KEY_UILaunchStoryboardName = LaunchScreen;
				INFOPLIST_KEY_UIMainStoryboardFile = "";
				INFOPLIST_KEY_UISupportedInterfaceOrientations_iPad = "UIInterfaceOrientationPortrait UIInterfaceOrientationPortraitUpsideDown UIInterfaceOrientationLandscapeLeft UIInterfaceOrientationLandscapeRight";
				INFOPLIST_KEY_UISupportedInterfaceOrientations_iPhone = "UIInterfaceOrientationPortrait UIInterfaceOrientationLandscapeLeft UIInterfaceOrientationLandscapeRight";
				IPHONEOS_DEPLOYMENT_TARGET = 16.0;
				LD_RUNPATH_SEARCH_PATHS = (
					"$(inherited)",
					"@executable_path/Frameworks",
				);
				MARKETING_VERSION = 1.0;
				PRODUCT_BUNDLE_IDENTIFIER = com.gabecode.MarvelCharacters;
				PRODUCT_NAME = "$(TARGET_NAME)";
				SWIFT_EMIT_LOC_STRINGS = YES;
				SWIFT_VERSION = 5.0;
				TARGETED_DEVICE_FAMILY = "1,2";
			};
			name = Debug;
		};
		008FAF3129DB5CA100560494 /* Release */ = {
			isa = XCBuildConfiguration;
			baseConfigurationReference = 000A594729DB9FBB0046CE7A /* Release.xcconfig */;
			buildSettings = {
				ALWAYS_EMBED_SWIFT_STANDARD_LIBRARIES = "$(inherited)";
				ASSETCATALOG_COMPILER_APPICON_NAME = AppIcon;
				ASSETCATALOG_COMPILER_GLOBAL_ACCENT_COLOR_NAME = AccentColor;
				CODE_SIGN_STYLE = Automatic;
				CURRENT_PROJECT_VERSION = 1;
				DEVELOPMENT_TEAM = 54MQQS737M;
				GENERATE_INFOPLIST_FILE = YES;
				INFOPLIST_FILE = MarvelCharacters/Info.plist;
				INFOPLIST_KEY_UIApplicationSupportsIndirectInputEvents = YES;
				INFOPLIST_KEY_UILaunchStoryboardName = LaunchScreen;
				INFOPLIST_KEY_UIMainStoryboardFile = "";
				INFOPLIST_KEY_UISupportedInterfaceOrientations_iPad = "UIInterfaceOrientationPortrait UIInterfaceOrientationPortraitUpsideDown UIInterfaceOrientationLandscapeLeft UIInterfaceOrientationLandscapeRight";
				INFOPLIST_KEY_UISupportedInterfaceOrientations_iPhone = "UIInterfaceOrientationPortrait UIInterfaceOrientationLandscapeLeft UIInterfaceOrientationLandscapeRight";
				IPHONEOS_DEPLOYMENT_TARGET = 16.0;
				LD_RUNPATH_SEARCH_PATHS = (
					"$(inherited)",
					"@executable_path/Frameworks",
				);
				MARKETING_VERSION = 1.0;
				PRODUCT_BUNDLE_IDENTIFIER = com.gabecode.MarvelCharacters;
				PRODUCT_NAME = "$(TARGET_NAME)";
				SWIFT_EMIT_LOC_STRINGS = YES;
				SWIFT_VERSION = 5.0;
				TARGETED_DEVICE_FAMILY = "1,2";
			};
			name = Release;
		};
		008FAF3329DB5CA100560494 /* Debug */ = {
			isa = XCBuildConfiguration;
			baseConfigurationReference = 491E22C675E57A81C0735813 /* Pods-MarvelCharactersTests.debug.xcconfig */;
			buildSettings = {
				ALWAYS_EMBED_SWIFT_STANDARD_LIBRARIES = "$(inherited)";
				BUNDLE_LOADER = "$(TEST_HOST)";
				CODE_SIGN_STYLE = Automatic;
				CURRENT_PROJECT_VERSION = 1;
				DEVELOPMENT_TEAM = 54MQQS737M;
				GENERATE_INFOPLIST_FILE = YES;
				IPHONEOS_DEPLOYMENT_TARGET = 16.0;
				MARKETING_VERSION = 1.0;
				PRODUCT_BUNDLE_IDENTIFIER = com.gabecode.MarvelCharactersTests;
				PRODUCT_NAME = "$(TARGET_NAME)";
				SWIFT_EMIT_LOC_STRINGS = NO;
				SWIFT_VERSION = 5.0;
				TARGETED_DEVICE_FAMILY = "1,2";
				TEST_HOST = "$(BUILT_PRODUCTS_DIR)/MarvelCharacters.app/$(BUNDLE_EXECUTABLE_FOLDER_PATH)/MarvelCharacters";
			};
			name = Debug;
		};
		008FAF3429DB5CA100560494 /* Release */ = {
			isa = XCBuildConfiguration;
			baseConfigurationReference = BA3E9F7A1ED6690B207D5197 /* Pods-MarvelCharactersTests.release.xcconfig */;
			buildSettings = {
				ALWAYS_EMBED_SWIFT_STANDARD_LIBRARIES = "$(inherited)";
				BUNDLE_LOADER = "$(TEST_HOST)";
				CODE_SIGN_STYLE = Automatic;
				CURRENT_PROJECT_VERSION = 1;
				DEVELOPMENT_TEAM = 54MQQS737M;
				GENERATE_INFOPLIST_FILE = YES;
				IPHONEOS_DEPLOYMENT_TARGET = 16.0;
				MARKETING_VERSION = 1.0;
				PRODUCT_BUNDLE_IDENTIFIER = com.gabecode.MarvelCharactersTests;
				PRODUCT_NAME = "$(TARGET_NAME)";
				SWIFT_EMIT_LOC_STRINGS = NO;
				SWIFT_VERSION = 5.0;
				TARGETED_DEVICE_FAMILY = "1,2";
				TEST_HOST = "$(BUILT_PRODUCTS_DIR)/MarvelCharacters.app/$(BUNDLE_EXECUTABLE_FOLDER_PATH)/MarvelCharacters";
			};
			name = Release;
		};
/* End XCBuildConfiguration section */

/* Begin XCConfigurationList section */
		008FAF0029DB5C9E00560494 /* Build configuration list for PBXProject "MarvelCharacters" */ = {
			isa = XCConfigurationList;
			buildConfigurations = (
				008FAF2D29DB5CA100560494 /* Debug */,
				008FAF2E29DB5CA100560494 /* Release */,
			);
			defaultConfigurationIsVisible = 0;
			defaultConfigurationName = Release;
		};
		008FAF2F29DB5CA100560494 /* Build configuration list for PBXNativeTarget "MarvelCharacters" */ = {
			isa = XCConfigurationList;
			buildConfigurations = (
				008FAF3029DB5CA100560494 /* Debug */,
				008FAF3129DB5CA100560494 /* Release */,
			);
			defaultConfigurationIsVisible = 0;
			defaultConfigurationName = Release;
		};
		008FAF3229DB5CA100560494 /* Build configuration list for PBXNativeTarget "MarvelCharactersTests" */ = {
			isa = XCConfigurationList;
			buildConfigurations = (
				008FAF3329DB5CA100560494 /* Debug */,
				008FAF3429DB5CA100560494 /* Release */,
			);
			defaultConfigurationIsVisible = 0;
			defaultConfigurationName = Release;
		};
/* End XCConfigurationList section */
	};
	rootObject = 008FAEFD29DB5C9E00560494 /* Project object */;
}
