// !$*UTF8*$!
{
	archiveVersion = 1;
	classes = {
	};
	objectVersion = 56;
	objects = {

/* Begin PBXBuildFile section */
		5345ACAC2A0068CB00D9EEA2 /* AppDelegate.swift in Sources */ = {isa = PBXBuildFile; fileRef = 5345ACAB2A0068CB00D9EEA2 /* AppDelegate.swift */; };
		5345ACAE2A0068CB00D9EEA2 /* SceneDelegate.swift in Sources */ = {isa = PBXBuildFile; fileRef = 5345ACAD2A0068CB00D9EEA2 /* SceneDelegate.swift */; };
		5345ACB02A0068CB00D9EEA2 /* HomeViewController.swift in Sources */ = {isa = PBXBuildFile; fileRef = 5345ACAF2A0068CB00D9EEA2 /* HomeViewController.swift */; };
		5345ACB62A0068CB00D9EEA2 /* MarvelApp.xcdatamodeld in Sources */ = {isa = PBXBuildFile; fileRef = 5345ACB42A0068CB00D9EEA2 /* MarvelApp.xcdatamodeld */; };
		5345ACB82A0068CE00D9EEA2 /* Assets.xcassets in Resources */ = {isa = PBXBuildFile; fileRef = 5345ACB72A0068CE00D9EEA2 /* Assets.xcassets */; };
		5345ACBB2A0068CE00D9EEA2 /* LaunchScreen.storyboard in Resources */ = {isa = PBXBuildFile; fileRef = 5345ACB92A0068CE00D9EEA2 /* LaunchScreen.storyboard */; };
		5345ACC62A0068CF00D9EEA2 /* MarvelAppTests.swift in Sources */ = {isa = PBXBuildFile; fileRef = 5345ACC52A0068CF00D9EEA2 /* MarvelAppTests.swift */; };
		5345ACD02A0068CF00D9EEA2 /* MarvelAppUITests.swift in Sources */ = {isa = PBXBuildFile; fileRef = 5345ACCF2A0068CF00D9EEA2 /* MarvelAppUITests.swift */; };
		5345ACD22A0068CF00D9EEA2 /* MarvelAppUITestsLaunchTests.swift in Sources */ = {isa = PBXBuildFile; fileRef = 5345ACD12A0068CF00D9EEA2 /* MarvelAppUITestsLaunchTests.swift */; };
		5345ACE32A006A6500D9EEA2 /* CollectionViewTableViewCell.swift in Sources */ = {isa = PBXBuildFile; fileRef = 5345ACE22A006A6500D9EEA2 /* CollectionViewTableViewCell.swift */; };
/* End PBXBuildFile section */

/* Begin PBXContainerItemProxy section */
		5345ACC22A0068CF00D9EEA2 /* PBXContainerItemProxy */ = {
			isa = PBXContainerItemProxy;
			containerPortal = 5345ACA02A0068CB00D9EEA2 /* Project object */;
			proxyType = 1;
			remoteGlobalIDString = 5345ACA72A0068CB00D9EEA2;
			remoteInfo = MarvelApp;
		};
		5345ACCC2A0068CF00D9EEA2 /* PBXContainerItemProxy */ = {
			isa = PBXContainerItemProxy;
			containerPortal = 5345ACA02A0068CB00D9EEA2 /* Project object */;
			proxyType = 1;
			remoteGlobalIDString = 5345ACA72A0068CB00D9EEA2;
			remoteInfo = MarvelApp;
		};
/* End PBXContainerItemProxy section */

/* Begin PBXFileReference section */
		5345ACA82A0068CB00D9EEA2 /* MarvelApp.app */ = {isa = PBXFileReference; explicitFileType = wrapper.application; includeInIndex = 0; path = MarvelApp.app; sourceTree = BUILT_PRODUCTS_DIR; };
		5345ACAB2A0068CB00D9EEA2 /* AppDelegate.swift */ = {isa = PBXFileReference; lastKnownFileType = sourcecode.swift; path = AppDelegate.swift; sourceTree = "<group>"; };
		5345ACAD2A0068CB00D9EEA2 /* SceneDelegate.swift */ = {isa = PBXFileReference; lastKnownFileType = sourcecode.swift; path = SceneDelegate.swift; sourceTree = "<group>"; };
		5345ACAF2A0068CB00D9EEA2 /* HomeViewController.swift */ = {isa = PBXFileReference; lastKnownFileType = sourcecode.swift; path = HomeViewController.swift; sourceTree = "<group>"; };
		5345ACB52A0068CB00D9EEA2 /* MarvelApp.xcdatamodel */ = {isa = PBXFileReference; lastKnownFileType = wrapper.xcdatamodel; path = MarvelApp.xcdatamodel; sourceTree = "<group>"; };
		5345ACB72A0068CE00D9EEA2 /* Assets.xcassets */ = {isa = PBXFileReference; lastKnownFileType = folder.assetcatalog; path = Assets.xcassets; sourceTree = "<group>"; };
		5345ACBA2A0068CE00D9EEA2 /* Base */ = {isa = PBXFileReference; lastKnownFileType = file.storyboard; name = Base; path = Base.lproj/LaunchScreen.storyboard; sourceTree = "<group>"; };
		5345ACBC2A0068CE00D9EEA2 /* Info.plist */ = {isa = PBXFileReference; lastKnownFileType = text.plist.xml; path = Info.plist; sourceTree = "<group>"; };
		5345ACC12A0068CF00D9EEA2 /* MarvelAppTests.xctest */ = {isa = PBXFileReference; explicitFileType = wrapper.cfbundle; includeInIndex = 0; path = MarvelAppTests.xctest; sourceTree = BUILT_PRODUCTS_DIR; };
		5345ACC52A0068CF00D9EEA2 /* MarvelAppTests.swift */ = {isa = PBXFileReference; lastKnownFileType = sourcecode.swift; path = MarvelAppTests.swift; sourceTree = "<group>"; };
		5345ACCB2A0068CF00D9EEA2 /* MarvelAppUITests.xctest */ = {isa = PBXFileReference; explicitFileType = wrapper.cfbundle; includeInIndex = 0; path = MarvelAppUITests.xctest; sourceTree = BUILT_PRODUCTS_DIR; };
		5345ACCF2A0068CF00D9EEA2 /* MarvelAppUITests.swift */ = {isa = PBXFileReference; lastKnownFileType = sourcecode.swift; path = MarvelAppUITests.swift; sourceTree = "<group>"; };
		5345ACD12A0068CF00D9EEA2 /* MarvelAppUITestsLaunchTests.swift */ = {isa = PBXFileReference; lastKnownFileType = sourcecode.swift; path = MarvelAppUITestsLaunchTests.swift; sourceTree = "<group>"; };
		5345ACE22A006A6500D9EEA2 /* CollectionViewTableViewCell.swift */ = {isa = PBXFileReference; lastKnownFileType = sourcecode.swift; path = CollectionViewTableViewCell.swift; sourceTree = "<group>"; };
/* End PBXFileReference section */

/* Begin PBXFrameworksBuildPhase section */
		5345ACA52A0068CB00D9EEA2 /* Frameworks */ = {
			isa = PBXFrameworksBuildPhase;
			buildActionMask = 2147483647;
			files = (
			);
			runOnlyForDeploymentPostprocessing = 0;
		};
		5345ACBE2A0068CF00D9EEA2 /* Frameworks */ = {
			isa = PBXFrameworksBuildPhase;
			buildActionMask = 2147483647;
			files = (
			);
			runOnlyForDeploymentPostprocessing = 0;
		};
		5345ACC82A0068CF00D9EEA2 /* Frameworks */ = {
			isa = PBXFrameworksBuildPhase;
			buildActionMask = 2147483647;
			files = (
			);
			runOnlyForDeploymentPostprocessing = 0;
		};
/* End PBXFrameworksBuildPhase section */

/* Begin PBXGroup section */
		5345AC9F2A0068CB00D9EEA2 = {
			isa = PBXGroup;
			children = (
				5345ACAA2A0068CB00D9EEA2 /* MarvelApp */,
				5345ACC42A0068CF00D9EEA2 /* MarvelAppTests */,
				5345ACCE2A0068CF00D9EEA2 /* MarvelAppUITests */,
				5345ACA92A0068CB00D9EEA2 /* Products */,
			);
			sourceTree = "<group>";
		};
		5345ACA92A0068CB00D9EEA2 /* Products */ = {
			isa = PBXGroup;
			children = (
				5345ACA82A0068CB00D9EEA2 /* MarvelApp.app */,
				5345ACC12A0068CF00D9EEA2 /* MarvelAppTests.xctest */,
				5345ACCB2A0068CF00D9EEA2 /* MarvelAppUITests.xctest */,
			);
			name = Products;
			sourceTree = "<group>";
		};
		5345ACAA2A0068CB00D9EEA2 /* MarvelApp */ = {
			isa = PBXGroup;
			children = (
				5345ACEB2A00AF7C00D9EEA2 /* Services */,
				5345ACE12A0069EA00D9EEA2 /* Model */,
				5345ACE02A00696400D9EEA2 /* ViewModel */,
				5345ACDF2A00695D00D9EEA2 /* View */,
				5345ACDE2A00693C00D9EEA2 /* ViewController */,
				5345ACAB2A0068CB00D9EEA2 /* AppDelegate.swift */,
				5345ACAD2A0068CB00D9EEA2 /* SceneDelegate.swift */,
				5345ACB72A0068CE00D9EEA2 /* Assets.xcassets */,
				5345ACB92A0068CE00D9EEA2 /* LaunchScreen.storyboard */,
				5345ACBC2A0068CE00D9EEA2 /* Info.plist */,
				5345ACB42A0068CB00D9EEA2 /* MarvelApp.xcdatamodeld */,
			);
			path = MarvelApp;
			sourceTree = "<group>";
		};
		5345ACC42A0068CF00D9EEA2 /* MarvelAppTests */ = {
			isa = PBXGroup;
			children = (
				5345ACC52A0068CF00D9EEA2 /* MarvelAppTests.swift */,
			);
			path = MarvelAppTests;
			sourceTree = "<group>";
		};
		5345ACCE2A0068CF00D9EEA2 /* MarvelAppUITests */ = {
			isa = PBXGroup;
			children = (
				5345ACCF2A0068CF00D9EEA2 /* MarvelAppUITests.swift */,
				5345ACD12A0068CF00D9EEA2 /* MarvelAppUITestsLaunchTests.swift */,
			);
			path = MarvelAppUITests;
			sourceTree = "<group>";
		};
		5345ACDE2A00693C00D9EEA2 /* ViewController */ = {
			isa = PBXGroup;
			children = (
				5345ACAF2A0068CB00D9EEA2 /* HomeViewController.swift */,
			);
			path = ViewController;
			sourceTree = "<group>";
		};
		5345ACDF2A00695D00D9EEA2 /* View */ = {
			isa = PBXGroup;
			children = (
				5345ACE22A006A6500D9EEA2 /* CollectionViewTableViewCell.swift */,
			);
			path = View;
			sourceTree = "<group>";
		};
		5345ACE02A00696400D9EEA2 /* ViewModel */ = {
			isa = PBXGroup;
			children = (
			);
			path = ViewModel;
			sourceTree = "<group>";
		};
		5345ACE12A0069EA00D9EEA2 /* Model */ = {
			isa = PBXGroup;
			children = (
			);
			path = Model;
			sourceTree = "<group>";
		};
		5345ACEB2A00AF7C00D9EEA2 /* Services */ = {
			isa = PBXGroup;
			children = (
			);
			path = Services;
			sourceTree = "<group>";
		};
/* End PBXGroup section */

/* Begin PBXNativeTarget section */
		5345ACA72A0068CB00D9EEA2 /* MarvelApp */ = {
			isa = PBXNativeTarget;
			buildConfigurationList = 5345ACD52A0068CF00D9EEA2 /* Build configuration list for PBXNativeTarget "MarvelApp" */;
			buildPhases = (
				5345ACA42A0068CB00D9EEA2 /* Sources */,
				5345ACA52A0068CB00D9EEA2 /* Frameworks */,
				5345ACA62A0068CB00D9EEA2 /* Resources */,
			);
			buildRules = (
			);
			dependencies = (
			);
			name = MarvelApp;
			productName = MarvelApp;
			productReference = 5345ACA82A0068CB00D9EEA2 /* MarvelApp.app */;
			productType = "com.apple.product-type.application";
		};
		5345ACC02A0068CF00D9EEA2 /* MarvelAppTests */ = {
			isa = PBXNativeTarget;
			buildConfigurationList = 5345ACD82A0068CF00D9EEA2 /* Build configuration list for PBXNativeTarget "MarvelAppTests" */;
			buildPhases = (
				5345ACBD2A0068CF00D9EEA2 /* Sources */,
				5345ACBE2A0068CF00D9EEA2 /* Frameworks */,
				5345ACBF2A0068CF00D9EEA2 /* Resources */,
			);
			buildRules = (
			);
			dependencies = (
				5345ACC32A0068CF00D9EEA2 /* PBXTargetDependency */,
			);
			name = MarvelAppTests;
			productName = MarvelAppTests;
			productReference = 5345ACC12A0068CF00D9EEA2 /* MarvelAppTests.xctest */;
			productType = "com.apple.product-type.bundle.unit-test";
		};
		5345ACCA2A0068CF00D9EEA2 /* MarvelAppUITests */ = {
			isa = PBXNativeTarget;
			buildConfigurationList = 5345ACDB2A0068CF00D9EEA2 /* Build configuration list for PBXNativeTarget "MarvelAppUITests" */;
			buildPhases = (
				5345ACC72A0068CF00D9EEA2 /* Sources */,
				5345ACC82A0068CF00D9EEA2 /* Frameworks */,
				5345ACC92A0068CF00D9EEA2 /* Resources */,
			);
			buildRules = (
			);
			dependencies = (
				5345ACCD2A0068CF00D9EEA2 /* PBXTargetDependency */,
			);
			name = MarvelAppUITests;
			productName = MarvelAppUITests;
			productReference = 5345ACCB2A0068CF00D9EEA2 /* MarvelAppUITests.xctest */;
			productType = "com.apple.product-type.bundle.ui-testing";
		};
/* End PBXNativeTarget section */

/* Begin PBXProject section */
		5345ACA02A0068CB00D9EEA2 /* Project object */ = {
			isa = PBXProject;
			attributes = {
				BuildIndependentTargetsInParallel = 1;
				LastSwiftUpdateCheck = 1430;
				LastUpgradeCheck = 1430;
				TargetAttributes = {
					5345ACA72A0068CB00D9EEA2 = {
						CreatedOnToolsVersion = 14.3;
					};
					5345ACC02A0068CF00D9EEA2 = {
						CreatedOnToolsVersion = 14.3;
						TestTargetID = 5345ACA72A0068CB00D9EEA2;
					};
					5345ACCA2A0068CF00D9EEA2 = {
						CreatedOnToolsVersion = 14.3;
						TestTargetID = 5345ACA72A0068CB00D9EEA2;
					};
				};
			};
			buildConfigurationList = 5345ACA32A0068CB00D9EEA2 /* Build configuration list for PBXProject "MarvelApp" */;
			compatibilityVersion = "Xcode 14.0";
			developmentRegion = en;
			hasScannedForEncodings = 0;
			knownRegions = (
				en,
				Base,
			);
			mainGroup = 5345AC9F2A0068CB00D9EEA2;
			productRefGroup = 5345ACA92A0068CB00D9EEA2 /* Products */;
			projectDirPath = "";
			projectRoot = "";
			targets = (
				5345ACA72A0068CB00D9EEA2 /* MarvelApp */,
				5345ACC02A0068CF00D9EEA2 /* MarvelAppTests */,
				5345ACCA2A0068CF00D9EEA2 /* MarvelAppUITests */,
			);
		};
/* End PBXProject section */

/* Begin PBXResourcesBuildPhase section */
		5345ACA62A0068CB00D9EEA2 /* Resources */ = {
			isa = PBXResourcesBuildPhase;
			buildActionMask = 2147483647;
			files = (
				5345ACBB2A0068CE00D9EEA2 /* LaunchScreen.storyboard in Resources */,
				5345ACB82A0068CE00D9EEA2 /* Assets.xcassets in Resources */,
			);
			runOnlyForDeploymentPostprocessing = 0;
		};
		5345ACBF2A0068CF00D9EEA2 /* Resources */ = {
			isa = PBXResourcesBuildPhase;
			buildActionMask = 2147483647;
			files = (
			);
			runOnlyForDeploymentPostprocessing = 0;
		};
		5345ACC92A0068CF00D9EEA2 /* Resources */ = {
			isa = PBXResourcesBuildPhase;
			buildActionMask = 2147483647;
			files = (
			);
			runOnlyForDeploymentPostprocessing = 0;
		};
/* End PBXResourcesBuildPhase section */

/* Begin PBXSourcesBuildPhase section */
		5345ACA42A0068CB00D9EEA2 /* Sources */ = {
			isa = PBXSourcesBuildPhase;
			buildActionMask = 2147483647;
			files = (
				5345ACE32A006A6500D9EEA2 /* CollectionViewTableViewCell.swift in Sources */,
				5345ACB02A0068CB00D9EEA2 /* HomeViewController.swift in Sources */,
				5345ACAC2A0068CB00D9EEA2 /* AppDelegate.swift in Sources */,
				5345ACB62A0068CB00D9EEA2 /* MarvelApp.xcdatamodeld in Sources */,
				5345ACAE2A0068CB00D9EEA2 /* SceneDelegate.swift in Sources */,
			);
			runOnlyForDeploymentPostprocessing = 0;
		};
		5345ACBD2A0068CF00D9EEA2 /* Sources */ = {
			isa = PBXSourcesBuildPhase;
			buildActionMask = 2147483647;
			files = (
				5345ACC62A0068CF00D9EEA2 /* MarvelAppTests.swift in Sources */,
			);
			runOnlyForDeploymentPostprocessing = 0;
		};
		5345ACC72A0068CF00D9EEA2 /* Sources */ = {
			isa = PBXSourcesBuildPhase;
			buildActionMask = 2147483647;
			files = (
				5345ACD02A0068CF00D9EEA2 /* MarvelAppUITests.swift in Sources */,
				5345ACD22A0068CF00D9EEA2 /* MarvelAppUITestsLaunchTests.swift in Sources */,
			);
			runOnlyForDeploymentPostprocessing = 0;
		};
/* End PBXSourcesBuildPhase section */

/* Begin PBXTargetDependency section */
		5345ACC32A0068CF00D9EEA2 /* PBXTargetDependency */ = {
			isa = PBXTargetDependency;
			target = 5345ACA72A0068CB00D9EEA2 /* MarvelApp */;
			targetProxy = 5345ACC22A0068CF00D9EEA2 /* PBXContainerItemProxy */;
		};
		5345ACCD2A0068CF00D9EEA2 /* PBXTargetDependency */ = {
			isa = PBXTargetDependency;
			target = 5345ACA72A0068CB00D9EEA2 /* MarvelApp */;
			targetProxy = 5345ACCC2A0068CF00D9EEA2 /* PBXContainerItemProxy */;
		};
/* End PBXTargetDependency section */

/* Begin PBXVariantGroup section */
		5345ACB92A0068CE00D9EEA2 /* LaunchScreen.storyboard */ = {
			isa = PBXVariantGroup;
			children = (
				5345ACBA2A0068CE00D9EEA2 /* Base */,
			);
			name = LaunchScreen.storyboard;
			sourceTree = "<group>";
		};
/* End PBXVariantGroup section */

/* Begin XCBuildConfiguration section */
		5345ACD32A0068CF00D9EEA2 /* Debug */ = {
			isa = XCBuildConfiguration;
			buildSettings = {
				ALWAYS_SEARCH_USER_PATHS = NO;
				CLANG_ANALYZER_NONNULL = YES;
				CLANG_ANALYZER_NUMBER_OBJECT_CONVERSION = YES_AGGRESSIVE;
				CLANG_CXX_LANGUAGE_STANDARD = "gnu++20";
				CLANG_ENABLE_MODULES = YES;
				CLANG_ENABLE_OBJC_ARC = YES;
				CLANG_ENABLE_OBJC_WEAK = YES;
				CLANG_WARN_BLOCK_CAPTURE_AUTORELEASING = YES;
				CLANG_WARN_BOOL_CONVERSION = YES;
				CLANG_WARN_COMMA = YES;
				CLANG_WARN_CONSTANT_CONVERSION = YES;
				CLANG_WARN_DEPRECATED_OBJC_IMPLEMENTATIONS = YES;
				CLANG_WARN_DIRECT_OBJC_ISA_USAGE = YES_ERROR;
				CLANG_WARN_DOCUMENTATION_COMMENTS = YES;
				CLANG_WARN_EMPTY_BODY = YES;
				CLANG_WARN_ENUM_CONVERSION = YES;
				CLANG_WARN_INFINITE_RECURSION = YES;
				CLANG_WARN_INT_CONVERSION = YES;
				CLANG_WARN_NON_LITERAL_NULL_CONVERSION = YES;
				CLANG_WARN_OBJC_IMPLICIT_RETAIN_SELF = YES;
				CLANG_WARN_OBJC_LITERAL_CONVERSION = YES;
				CLANG_WARN_OBJC_ROOT_CLASS = YES_ERROR;
				CLANG_WARN_QUOTED_INCLUDE_IN_FRAMEWORK_HEADER = YES;
				CLANG_WARN_RANGE_LOOP_ANALYSIS = YES;
				CLANG_WARN_STRICT_PROTOTYPES = YES;
				CLANG_WARN_SUSPICIOUS_MOVE = YES;
				CLANG_WARN_UNGUARDED_AVAILABILITY = YES_AGGRESSIVE;
				CLANG_WARN_UNREACHABLE_CODE = YES;
				CLANG_WARN__DUPLICATE_METHOD_MATCH = YES;
				COPY_PHASE_STRIP = NO;
				DEBUG_INFORMATION_FORMAT = dwarf;
				ENABLE_STRICT_OBJC_MSGSEND = YES;
				ENABLE_TESTABILITY = YES;
				GCC_C_LANGUAGE_STANDARD = gnu11;
				GCC_DYNAMIC_NO_PIC = NO;
				GCC_NO_COMMON_BLOCKS = YES;
				GCC_OPTIMIZATION_LEVEL = 0;
				GCC_PREPROCESSOR_DEFINITIONS = (
					"DEBUG=1",
					"$(inherited)",
				);
				GCC_WARN_64_TO_32_BIT_CONVERSION = YES;
				GCC_WARN_ABOUT_RETURN_TYPE = YES_ERROR;
				GCC_WARN_UNDECLARED_SELECTOR = YES;
				GCC_WARN_UNINITIALIZED_AUTOS = YES_AGGRESSIVE;
				GCC_WARN_UNUSED_FUNCTION = YES;
				GCC_WARN_UNUSED_VARIABLE = YES;
				IPHONEOS_DEPLOYMENT_TARGET = 16.4;
				MTL_ENABLE_DEBUG_INFO = INCLUDE_SOURCE;
				MTL_FAST_MATH = YES;
				ONLY_ACTIVE_ARCH = YES;
				SDKROOT = iphoneos;
				SWIFT_ACTIVE_COMPILATION_CONDITIONS = DEBUG;
				SWIFT_OPTIMIZATION_LEVEL = "-Onone";
			};
			name = Debug;
		};
		5345ACD42A0068CF00D9EEA2 /* Release */ = {
			isa = XCBuildConfiguration;
			buildSettings = {
				ALWAYS_SEARCH_USER_PATHS = NO;
				CLANG_ANALYZER_NONNULL = YES;
				CLANG_ANALYZER_NUMBER_OBJECT_CONVERSION = YES_AGGRESSIVE;
				CLANG_CXX_LANGUAGE_STANDARD = "gnu++20";
				CLANG_ENABLE_MODULES = YES;
				CLANG_ENABLE_OBJC_ARC = YES;
				CLANG_ENABLE_OBJC_WEAK = YES;
				CLANG_WARN_BLOCK_CAPTURE_AUTORELEASING = YES;
				CLANG_WARN_BOOL_CONVERSION = YES;
				CLANG_WARN_COMMA = YES;
				CLANG_WARN_CONSTANT_CONVERSION = YES;
				CLANG_WARN_DEPRECATED_OBJC_IMPLEMENTATIONS = YES;
				CLANG_WARN_DIRECT_OBJC_ISA_USAGE = YES_ERROR;
				CLANG_WARN_DOCUMENTATION_COMMENTS = YES;
				CLANG_WARN_EMPTY_BODY = YES;
				CLANG_WARN_ENUM_CONVERSION = YES;
				CLANG_WARN_INFINITE_RECURSION = YES;
				CLANG_WARN_INT_CONVERSION = YES;
				CLANG_WARN_NON_LITERAL_NULL_CONVERSION = YES;
				CLANG_WARN_OBJC_IMPLICIT_RETAIN_SELF = YES;
				CLANG_WARN_OBJC_LITERAL_CONVERSION = YES;
				CLANG_WARN_OBJC_ROOT_CLASS = YES_ERROR;
				CLANG_WARN_QUOTED_INCLUDE_IN_FRAMEWORK_HEADER = YES;
				CLANG_WARN_RANGE_LOOP_ANALYSIS = YES;
				CLANG_WARN_STRICT_PROTOTYPES = YES;
				CLANG_WARN_SUSPICIOUS_MOVE = YES;
				CLANG_WARN_UNGUARDED_AVAILABILITY = YES_AGGRESSIVE;
				CLANG_WARN_UNREACHABLE_CODE = YES;
				CLANG_WARN__DUPLICATE_METHOD_MATCH = YES;
				COPY_PHASE_STRIP = NO;
				DEBUG_INFORMATION_FORMAT = "dwarf-with-dsym";
				ENABLE_NS_ASSERTIONS = NO;
				ENABLE_STRICT_OBJC_MSGSEND = YES;
				GCC_C_LANGUAGE_STANDARD = gnu11;
				GCC_NO_COMMON_BLOCKS = YES;
				GCC_WARN_64_TO_32_BIT_CONVERSION = YES;
				GCC_WARN_ABOUT_RETURN_TYPE = YES_ERROR;
				GCC_WARN_UNDECLARED_SELECTOR = YES;
				GCC_WARN_UNINITIALIZED_AUTOS = YES_AGGRESSIVE;
				GCC_WARN_UNUSED_FUNCTION = YES;
				GCC_WARN_UNUSED_VARIABLE = YES;
				IPHONEOS_DEPLOYMENT_TARGET = 16.4;
				MTL_ENABLE_DEBUG_INFO = NO;
				MTL_FAST_MATH = YES;
				SDKROOT = iphoneos;
				SWIFT_COMPILATION_MODE = wholemodule;
				SWIFT_OPTIMIZATION_LEVEL = "-O";
				VALIDATE_PRODUCT = YES;
			};
			name = Release;
		};
		5345ACD62A0068CF00D9EEA2 /* Debug */ = {
			isa = XCBuildConfiguration;
			buildSettings = {
				ASSETCATALOG_COMPILER_APPICON_NAME = AppIcon;
				ASSETCATALOG_COMPILER_GLOBAL_ACCENT_COLOR_NAME = AccentColor;
				CODE_SIGN_STYLE = Automatic;
				CURRENT_PROJECT_VERSION = 1;
				DEVELOPMENT_TEAM = B97QWMT458;
				GENERATE_INFOPLIST_FILE = YES;
				INFOPLIST_FILE = MarvelApp/Info.plist;
				INFOPLIST_KEY_UIApplicationSupportsIndirectInputEvents = YES;
				INFOPLIST_KEY_UILaunchStoryboardName = LaunchScreen;
				INFOPLIST_KEY_UIMainStoryboardFile = "";
				INFOPLIST_KEY_UISupportedInterfaceOrientations_iPad = "UIInterfaceOrientationPortrait UIInterfaceOrientationPortraitUpsideDown UIInterfaceOrientationLandscapeLeft UIInterfaceOrientationLandscapeRight";
				INFOPLIST_KEY_UISupportedInterfaceOrientations_iPhone = "UIInterfaceOrientationPortrait UIInterfaceOrientationLandscapeLeft UIInterfaceOrientationLandscapeRight";
				LD_RUNPATH_SEARCH_PATHS = (
					"$(inherited)",
					"@executable_path/Frameworks",
				);
				MARKETING_VERSION = 1.0;
				PRODUCT_BUNDLE_IDENTIFIER = PaolaSoares.MarvelApp;
				PRODUCT_NAME = "$(TARGET_NAME)";
				SUPPORTED_PLATFORMS = "iphoneos iphonesimulator";
				SUPPORTS_MACCATALYST = NO;
				SUPPORTS_MAC_DESIGNED_FOR_IPHONE_IPAD = NO;
				SWIFT_EMIT_LOC_STRINGS = YES;
				SWIFT_VERSION = 5.0;
				TARGETED_DEVICE_FAMILY = 1;
			};
			name = Debug;
		};
		5345ACD72A0068CF00D9EEA2 /* Release */ = {
			isa = XCBuildConfiguration;
			buildSettings = {
				ASSETCATALOG_COMPILER_APPICON_NAME = AppIcon;
				ASSETCATALOG_COMPILER_GLOBAL_ACCENT_COLOR_NAME = AccentColor;
				CODE_SIGN_STYLE = Automatic;
				CURRENT_PROJECT_VERSION = 1;
				DEVELOPMENT_TEAM = B97QWMT458;
				GENERATE_INFOPLIST_FILE = YES;
				INFOPLIST_FILE = MarvelApp/Info.plist;
				INFOPLIST_KEY_UIApplicationSupportsIndirectInputEvents = YES;
				INFOPLIST_KEY_UILaunchStoryboardName = LaunchScreen;
				INFOPLIST_KEY_UIMainStoryboardFile = "";
				INFOPLIST_KEY_UISupportedInterfaceOrientations_iPad = "UIInterfaceOrientationPortrait UIInterfaceOrientationPortraitUpsideDown UIInterfaceOrientationLandscapeLeft UIInterfaceOrientationLandscapeRight";
				INFOPLIST_KEY_UISupportedInterfaceOrientations_iPhone = "UIInterfaceOrientationPortrait UIInterfaceOrientationLandscapeLeft UIInterfaceOrientationLandscapeRight";
				LD_RUNPATH_SEARCH_PATHS = (
					"$(inherited)",
					"@executable_path/Frameworks",
				);
				MARKETING_VERSION = 1.0;
				PRODUCT_BUNDLE_IDENTIFIER = PaolaSoares.MarvelApp;
				PRODUCT_NAME = "$(TARGET_NAME)";
				SUPPORTED_PLATFORMS = "iphoneos iphonesimulator";
				SUPPORTS_MACCATALYST = NO;
				SUPPORTS_MAC_DESIGNED_FOR_IPHONE_IPAD = NO;
				SWIFT_EMIT_LOC_STRINGS = YES;
				SWIFT_VERSION = 5.0;
				TARGETED_DEVICE_FAMILY = 1;
			};
			name = Release;
		};
		5345ACD92A0068CF00D9EEA2 /* Debug */ = {
			isa = XCBuildConfiguration;
			buildSettings = {
				ALWAYS_EMBED_SWIFT_STANDARD_LIBRARIES = YES;
				BUNDLE_LOADER = "$(TEST_HOST)";
				CODE_SIGN_STYLE = Automatic;
				CURRENT_PROJECT_VERSION = 1;
				DEVELOPMENT_TEAM = B97QWMT458;
				GENERATE_INFOPLIST_FILE = YES;
				IPHONEOS_DEPLOYMENT_TARGET = 16.4;
				MARKETING_VERSION = 1.0;
				PRODUCT_BUNDLE_IDENTIFIER = PaolaSoares.MarvelAppTests;
				PRODUCT_NAME = "$(TARGET_NAME)";
				SWIFT_EMIT_LOC_STRINGS = NO;
				SWIFT_VERSION = 5.0;
				TARGETED_DEVICE_FAMILY = "1,2";
				TEST_HOST = "$(BUILT_PRODUCTS_DIR)/MarvelApp.app/$(BUNDLE_EXECUTABLE_FOLDER_PATH)/MarvelApp";
			};
			name = Debug;
		};
		5345ACDA2A0068CF00D9EEA2 /* Release */ = {
			isa = XCBuildConfiguration;
			buildSettings = {
				ALWAYS_EMBED_SWIFT_STANDARD_LIBRARIES = YES;
				BUNDLE_LOADER = "$(TEST_HOST)";
				CODE_SIGN_STYLE = Automatic;
				CURRENT_PROJECT_VERSION = 1;
				DEVELOPMENT_TEAM = B97QWMT458;
				GENERATE_INFOPLIST_FILE = YES;
				IPHONEOS_DEPLOYMENT_TARGET = 16.4;
				MARKETING_VERSION = 1.0;
				PRODUCT_BUNDLE_IDENTIFIER = PaolaSoares.MarvelAppTests;
				PRODUCT_NAME = "$(TARGET_NAME)";
				SWIFT_EMIT_LOC_STRINGS = NO;
				SWIFT_VERSION = 5.0;
				TARGETED_DEVICE_FAMILY = "1,2";
				TEST_HOST = "$(BUILT_PRODUCTS_DIR)/MarvelApp.app/$(BUNDLE_EXECUTABLE_FOLDER_PATH)/MarvelApp";
			};
			name = Release;
		};
		5345ACDC2A0068CF00D9EEA2 /* Debug */ = {
			isa = XCBuildConfiguration;
			buildSettings = {
				ALWAYS_EMBED_SWIFT_STANDARD_LIBRARIES = YES;
				CODE_SIGN_STYLE = Automatic;
				CURRENT_PROJECT_VERSION = 1;
				DEVELOPMENT_TEAM = B97QWMT458;
				GENERATE_INFOPLIST_FILE = YES;
				MARKETING_VERSION = 1.0;
				PRODUCT_BUNDLE_IDENTIFIER = PaolaSoares.MarvelAppUITests;
				PRODUCT_NAME = "$(TARGET_NAME)";
				SWIFT_EMIT_LOC_STRINGS = NO;
				SWIFT_VERSION = 5.0;
				TARGETED_DEVICE_FAMILY = "1,2";
				TEST_TARGET_NAME = MarvelApp;
			};
			name = Debug;
		};
		5345ACDD2A0068CF00D9EEA2 /* Release */ = {
			isa = XCBuildConfiguration;
			buildSettings = {
				ALWAYS_EMBED_SWIFT_STANDARD_LIBRARIES = YES;
				CODE_SIGN_STYLE = Automatic;
				CURRENT_PROJECT_VERSION = 1;
				DEVELOPMENT_TEAM = B97QWMT458;
				GENERATE_INFOPLIST_FILE = YES;
				MARKETING_VERSION = 1.0;
				PRODUCT_BUNDLE_IDENTIFIER = PaolaSoares.MarvelAppUITests;
				PRODUCT_NAME = "$(TARGET_NAME)";
				SWIFT_EMIT_LOC_STRINGS = NO;
				SWIFT_VERSION = 5.0;
				TARGETED_DEVICE_FAMILY = "1,2";
				TEST_TARGET_NAME = MarvelApp;
			};
			name = Release;
		};
/* End XCBuildConfiguration section */

/* Begin XCConfigurationList section */
		5345ACA32A0068CB00D9EEA2 /* Build configuration list for PBXProject "MarvelApp" */ = {
			isa = XCConfigurationList;
			buildConfigurations = (
				5345ACD32A0068CF00D9EEA2 /* Debug */,
				5345ACD42A0068CF00D9EEA2 /* Release */,
			);
			defaultConfigurationIsVisible = 0;
			defaultConfigurationName = Release;
		};
		5345ACD52A0068CF00D9EEA2 /* Build configuration list for PBXNativeTarget "MarvelApp" */ = {
			isa = XCConfigurationList;
			buildConfigurations = (
				5345ACD62A0068CF00D9EEA2 /* Debug */,
				5345ACD72A0068CF00D9EEA2 /* Release */,
			);
			defaultConfigurationIsVisible = 0;
			defaultConfigurationName = Release;
		};
		5345ACD82A0068CF00D9EEA2 /* Build configuration list for PBXNativeTarget "MarvelAppTests" */ = {
			isa = XCConfigurationList;
			buildConfigurations = (
				5345ACD92A0068CF00D9EEA2 /* Debug */,
				5345ACDA2A0068CF00D9EEA2 /* Release */,
			);
			defaultConfigurationIsVisible = 0;
			defaultConfigurationName = Release;
		};
		5345ACDB2A0068CF00D9EEA2 /* Build configuration list for PBXNativeTarget "MarvelAppUITests" */ = {
			isa = XCConfigurationList;
			buildConfigurations = (
				5345ACDC2A0068CF00D9EEA2 /* Debug */,
				5345ACDD2A0068CF00D9EEA2 /* Release */,
			);
			defaultConfigurationIsVisible = 0;
			defaultConfigurationName = Release;
		};
/* End XCConfigurationList section */

/* Begin XCVersionGroup section */
		5345ACB42A0068CB00D9EEA2 /* MarvelApp.xcdatamodeld */ = {
			isa = XCVersionGroup;
			children = (
				5345ACB52A0068CB00D9EEA2 /* MarvelApp.xcdatamodel */,
			);
			currentVersion = 5345ACB52A0068CB00D9EEA2 /* MarvelApp.xcdatamodel */;
			path = MarvelApp.xcdatamodeld;
			sourceTree = "<group>";
			versionGroupType = wrapper.xcdatamodel;
		};
/* End XCVersionGroup section */
	};
	rootObject = 5345ACA02A0068CB00D9EEA2 /* Project object */;
}
