// !$*UTF8*$!
{
	archiveVersion = 1;
	classes = {
	};
	objectVersion = 56;
	objects = {

/* Begin PBXBuildFile section */
		A0206E4A2988769C006EED95 /* AppDelegate.swift in Sources */ = {isa = PBXBuildFile; fileRef = A0206E492988769C006EED95 /* AppDelegate.swift */; };
		A0206E4E2988769C006EED95 /* ViewController.swift in Sources */ = {isa = PBXBuildFile; fileRef = A0206E4D2988769C006EED95 /* ViewController.swift */; };
		A0206E532988769D006EED95 /* Assets.xcassets in Resources */ = {isa = PBXBuildFile; fileRef = A0206E522988769D006EED95 /* Assets.xcassets */; };
		A0206E562988769D006EED95 /* LaunchScreen.storyboard in Resources */ = {isa = PBXBuildFile; fileRef = A0206E542988769D006EED95 /* LaunchScreen.storyboard */; };
/* End PBXBuildFile section */

/* Begin PBXContainerItemProxy section */
		A0206E5D2988769D006EED95 /* PBXContainerItemProxy */ = {
			isa = PBXContainerItemProxy;
			containerPortal = A0206E3E2988769C006EED95 /* Project object */;
			proxyType = 1;
			remoteGlobalIDString = A0206E452988769C006EED95;
			remoteInfo = "Marvel Characters";
		};
		A0206E672988769D006EED95 /* PBXContainerItemProxy */ = {
			isa = PBXContainerItemProxy;
			containerPortal = A0206E3E2988769C006EED95 /* Project object */;
			proxyType = 1;
			remoteGlobalIDString = A0206E452988769C006EED95;
			remoteInfo = "Marvel Characters";
		};
/* End PBXContainerItemProxy section */

/* Begin PBXFileReference section */
		A0206E462988769C006EED95 /* Marvel Characters.app */ = {isa = PBXFileReference; explicitFileType = wrapper.application; includeInIndex = 0; path = "Marvel Characters.app"; sourceTree = BUILT_PRODUCTS_DIR; };
		A0206E492988769C006EED95 /* AppDelegate.swift */ = {isa = PBXFileReference; lastKnownFileType = sourcecode.swift; path = AppDelegate.swift; sourceTree = "<group>"; };
		A0206E4D2988769C006EED95 /* ViewController.swift */ = {isa = PBXFileReference; lastKnownFileType = sourcecode.swift; path = ViewController.swift; sourceTree = "<group>"; };
		A0206E522988769D006EED95 /* Assets.xcassets */ = {isa = PBXFileReference; lastKnownFileType = folder.assetcatalog; path = Assets.xcassets; sourceTree = "<group>"; };
		A0206E552988769D006EED95 /* Base */ = {isa = PBXFileReference; lastKnownFileType = file.storyboard; name = Base; path = Base.lproj/LaunchScreen.storyboard; sourceTree = "<group>"; };
		A0206E572988769D006EED95 /* Info.plist */ = {isa = PBXFileReference; lastKnownFileType = text.plist.xml; path = Info.plist; sourceTree = "<group>"; };
		A0206E5C2988769D006EED95 /* Marvel CharactersTests.xctest */ = {isa = PBXFileReference; explicitFileType = wrapper.cfbundle; includeInIndex = 0; path = "Marvel CharactersTests.xctest"; sourceTree = BUILT_PRODUCTS_DIR; };
		A0206E662988769D006EED95 /* Marvel CharactersUITests.xctest */ = {isa = PBXFileReference; explicitFileType = wrapper.cfbundle; includeInIndex = 0; path = "Marvel CharactersUITests.xctest"; sourceTree = BUILT_PRODUCTS_DIR; };
/* End PBXFileReference section */

/* Begin PBXFrameworksBuildPhase section */
		A0206E432988769C006EED95 /* Frameworks */ = {
			isa = PBXFrameworksBuildPhase;
			buildActionMask = 2147483647;
			files = (
			);
			runOnlyForDeploymentPostprocessing = 0;
		};
		A0206E592988769D006EED95 /* Frameworks */ = {
			isa = PBXFrameworksBuildPhase;
			buildActionMask = 2147483647;
			files = (
			);
			runOnlyForDeploymentPostprocessing = 0;
		};
		A0206E632988769D006EED95 /* Frameworks */ = {
			isa = PBXFrameworksBuildPhase;
			buildActionMask = 2147483647;
			files = (
			);
			runOnlyForDeploymentPostprocessing = 0;
		};
/* End PBXFrameworksBuildPhase section */

/* Begin PBXGroup section */
		A0206E3D2988769C006EED95 = {
			isa = PBXGroup;
			children = (
				A0206E482988769C006EED95 /* Marvel Characters */,
				A0206E472988769C006EED95 /* Products */,
			);
			sourceTree = "<group>";
		};
		A0206E472988769C006EED95 /* Products */ = {
			isa = PBXGroup;
			children = (
				A0206E462988769C006EED95 /* Marvel Characters.app */,
				A0206E5C2988769D006EED95 /* Marvel CharactersTests.xctest */,
				A0206E662988769D006EED95 /* Marvel CharactersUITests.xctest */,
			);
			name = Products;
			sourceTree = "<group>";
		};
		A0206E482988769C006EED95 /* Marvel Characters */ = {
			isa = PBXGroup;
			children = (
				A0206E7C298876C0006EED95 /* Commons */,
				A0206E7B298876BB006EED95 /* Scenes */,
				A0206E7A298876B5006EED95 /* Sources */,
				A0206E79298876AE006EED95 /* Resources */,
			);
			path = "Marvel Characters";
			sourceTree = "<group>";
		};
		A0206E79298876AE006EED95 /* Resources */ = {
			isa = PBXGroup;
			children = (
				A0206E522988769D006EED95 /* Assets.xcassets */,
				A0206E542988769D006EED95 /* LaunchScreen.storyboard */,
				A0206E572988769D006EED95 /* Info.plist */,
			);
			path = Resources;
			sourceTree = "<group>";
		};
		A0206E7A298876B5006EED95 /* Sources */ = {
			isa = PBXGroup;
			children = (
				A0206E492988769C006EED95 /* AppDelegate.swift */,
			);
			path = Sources;
			sourceTree = "<group>";
		};
		A0206E7B298876BB006EED95 /* Scenes */ = {
			isa = PBXGroup;
			children = (
				A0206E4D2988769C006EED95 /* ViewController.swift */,
			);
			path = Scenes;
			sourceTree = "<group>";
		};
		A0206E7C298876C0006EED95 /* Commons */ = {
			isa = PBXGroup;
			children = (
			);
			path = Commons;
			sourceTree = "<group>";
		};
/* End PBXGroup section */

/* Begin PBXNativeTarget section */
		A0206E452988769C006EED95 /* Marvel Characters */ = {
			isa = PBXNativeTarget;
			buildConfigurationList = A0206E702988769D006EED95 /* Build configuration list for PBXNativeTarget "Marvel Characters" */;
			buildPhases = (
				A0206E422988769C006EED95 /* Sources */,
				A0206E432988769C006EED95 /* Frameworks */,
				A0206E442988769C006EED95 /* Resources */,
			);
			buildRules = (
			);
			dependencies = (
			);
			name = "Marvel Characters";
			productName = "Marvel Characters";
			productReference = A0206E462988769C006EED95 /* Marvel Characters.app */;
			productType = "com.apple.product-type.application";
		};
		A0206E5B2988769D006EED95 /* Marvel CharactersTests */ = {
			isa = PBXNativeTarget;
			buildConfigurationList = A0206E732988769D006EED95 /* Build configuration list for PBXNativeTarget "Marvel CharactersTests" */;
			buildPhases = (
				A0206E582988769D006EED95 /* Sources */,
				A0206E592988769D006EED95 /* Frameworks */,
				A0206E5A2988769D006EED95 /* Resources */,
			);
			buildRules = (
			);
			dependencies = (
				A0206E5E2988769D006EED95 /* PBXTargetDependency */,
			);
			name = "Marvel CharactersTests";
			productName = "Marvel CharactersTests";
			productReference = A0206E5C2988769D006EED95 /* Marvel CharactersTests.xctest */;
			productType = "com.apple.product-type.bundle.unit-test";
		};
		A0206E652988769D006EED95 /* Marvel CharactersUITests */ = {
			isa = PBXNativeTarget;
			buildConfigurationList = A0206E762988769D006EED95 /* Build configuration list for PBXNativeTarget "Marvel CharactersUITests" */;
			buildPhases = (
				A0206E622988769D006EED95 /* Sources */,
				A0206E632988769D006EED95 /* Frameworks */,
				A0206E642988769D006EED95 /* Resources */,
			);
			buildRules = (
			);
			dependencies = (
				A0206E682988769D006EED95 /* PBXTargetDependency */,
			);
			name = "Marvel CharactersUITests";
			productName = "Marvel CharactersUITests";
			productReference = A0206E662988769D006EED95 /* Marvel CharactersUITests.xctest */;
			productType = "com.apple.product-type.bundle.ui-testing";
		};
/* End PBXNativeTarget section */

/* Begin PBXProject section */
		A0206E3E2988769C006EED95 /* Project object */ = {
			isa = PBXProject;
			attributes = {
				BuildIndependentTargetsInParallel = 1;
				LastSwiftUpdateCheck = 1420;
				LastUpgradeCheck = 1420;
				TargetAttributes = {
					A0206E452988769C006EED95 = {
						CreatedOnToolsVersion = 14.2;
					};
					A0206E5B2988769D006EED95 = {
						CreatedOnToolsVersion = 14.2;
						TestTargetID = A0206E452988769C006EED95;
					};
					A0206E652988769D006EED95 = {
						CreatedOnToolsVersion = 14.2;
						TestTargetID = A0206E452988769C006EED95;
					};
				};
			};
			buildConfigurationList = A0206E412988769C006EED95 /* Build configuration list for PBXProject "Marvel Characters" */;
			compatibilityVersion = "Xcode 14.0";
			developmentRegion = en;
			hasScannedForEncodings = 0;
			knownRegions = (
				en,
				Base,
			);
			mainGroup = A0206E3D2988769C006EED95;
			productRefGroup = A0206E472988769C006EED95 /* Products */;
			projectDirPath = "";
			projectRoot = "";
			targets = (
				A0206E452988769C006EED95 /* Marvel Characters */,
				A0206E5B2988769D006EED95 /* Marvel CharactersTests */,
				A0206E652988769D006EED95 /* Marvel CharactersUITests */,
			);
		};
/* End PBXProject section */

/* Begin PBXResourcesBuildPhase section */
		A0206E442988769C006EED95 /* Resources */ = {
			isa = PBXResourcesBuildPhase;
			buildActionMask = 2147483647;
			files = (
				A0206E562988769D006EED95 /* LaunchScreen.storyboard in Resources */,
				A0206E532988769D006EED95 /* Assets.xcassets in Resources */,
			);
			runOnlyForDeploymentPostprocessing = 0;
		};
		A0206E5A2988769D006EED95 /* Resources */ = {
			isa = PBXResourcesBuildPhase;
			buildActionMask = 2147483647;
			files = (
			);
			runOnlyForDeploymentPostprocessing = 0;
		};
		A0206E642988769D006EED95 /* Resources */ = {
			isa = PBXResourcesBuildPhase;
			buildActionMask = 2147483647;
			files = (
			);
			runOnlyForDeploymentPostprocessing = 0;
		};
/* End PBXResourcesBuildPhase section */

/* Begin PBXSourcesBuildPhase section */
		A0206E422988769C006EED95 /* Sources */ = {
			isa = PBXSourcesBuildPhase;
			buildActionMask = 2147483647;
			files = (
				A0206E4E2988769C006EED95 /* ViewController.swift in Sources */,
				A0206E4A2988769C006EED95 /* AppDelegate.swift in Sources */,
			);
			runOnlyForDeploymentPostprocessing = 0;
		};
		A0206E582988769D006EED95 /* Sources */ = {
			isa = PBXSourcesBuildPhase;
			buildActionMask = 2147483647;
			files = (
			);
			runOnlyForDeploymentPostprocessing = 0;
		};
		A0206E622988769D006EED95 /* Sources */ = {
			isa = PBXSourcesBuildPhase;
			buildActionMask = 2147483647;
			files = (
			);
			runOnlyForDeploymentPostprocessing = 0;
		};
/* End PBXSourcesBuildPhase section */

/* Begin PBXTargetDependency section */
		A0206E5E2988769D006EED95 /* PBXTargetDependency */ = {
			isa = PBXTargetDependency;
			target = A0206E452988769C006EED95 /* Marvel Characters */;
			targetProxy = A0206E5D2988769D006EED95 /* PBXContainerItemProxy */;
		};
		A0206E682988769D006EED95 /* PBXTargetDependency */ = {
			isa = PBXTargetDependency;
			target = A0206E452988769C006EED95 /* Marvel Characters */;
			targetProxy = A0206E672988769D006EED95 /* PBXContainerItemProxy */;
		};
/* End PBXTargetDependency section */

/* Begin PBXVariantGroup section */
		A0206E542988769D006EED95 /* LaunchScreen.storyboard */ = {
			isa = PBXVariantGroup;
			children = (
				A0206E552988769D006EED95 /* Base */,
			);
			name = LaunchScreen.storyboard;
			sourceTree = "<group>";
		};
/* End PBXVariantGroup section */

/* Begin XCBuildConfiguration section */
		A0206E6E2988769D006EED95 /* Debug */ = {
			isa = XCBuildConfiguration;
			buildSettings = {
				ALWAYS_SEARCH_USER_PATHS = NO;
				CLANG_ANALYZER_NONNULL = YES;
				CLANG_ANALYZER_NUMBER_OBJECT_CONVERSION = YES_AGGRESSIVE;
				CLANG_CXX_LANGUAGE_STANDARD = "gnu++20";
				CLANG_ENABLE_MODULES = YES;
				CLANG_ENABLE_OBJC_ARC = YES;
				CLANG_ENABLE_OBJC_WEAK = YES;
				CLANG_WARN_BLOCK_CAPTURE_AUTORELEASING = YES;
				CLANG_WARN_BOOL_CONVERSION = YES;
				CLANG_WARN_COMMA = YES;
				CLANG_WARN_CONSTANT_CONVERSION = YES;
				CLANG_WARN_DEPRECATED_OBJC_IMPLEMENTATIONS = YES;
				CLANG_WARN_DIRECT_OBJC_ISA_USAGE = YES_ERROR;
				CLANG_WARN_DOCUMENTATION_COMMENTS = YES;
				CLANG_WARN_EMPTY_BODY = YES;
				CLANG_WARN_ENUM_CONVERSION = YES;
				CLANG_WARN_INFINITE_RECURSION = YES;
				CLANG_WARN_INT_CONVERSION = YES;
				CLANG_WARN_NON_LITERAL_NULL_CONVERSION = YES;
				CLANG_WARN_OBJC_IMPLICIT_RETAIN_SELF = YES;
				CLANG_WARN_OBJC_LITERAL_CONVERSION = YES;
				CLANG_WARN_OBJC_ROOT_CLASS = YES_ERROR;
				CLANG_WARN_QUOTED_INCLUDE_IN_FRAMEWORK_HEADER = YES;
				CLANG_WARN_RANGE_LOOP_ANALYSIS = YES;
				CLANG_WARN_STRICT_PROTOTYPES = YES;
				CLANG_WARN_SUSPICIOUS_MOVE = YES;
				CLANG_WARN_UNGUARDED_AVAILABILITY = YES_AGGRESSIVE;
				CLANG_WARN_UNREACHABLE_CODE = YES;
				CLANG_WARN__DUPLICATE_METHOD_MATCH = YES;
				COPY_PHASE_STRIP = NO;
				DEBUG_INFORMATION_FORMAT = dwarf;
				ENABLE_STRICT_OBJC_MSGSEND = YES;
				ENABLE_TESTABILITY = YES;
				GCC_C_LANGUAGE_STANDARD = gnu11;
				GCC_DYNAMIC_NO_PIC = NO;
				GCC_NO_COMMON_BLOCKS = YES;
				GCC_OPTIMIZATION_LEVEL = 0;
				GCC_PREPROCESSOR_DEFINITIONS = (
					"DEBUG=1",
					"$(inherited)",
				);
				GCC_WARN_64_TO_32_BIT_CONVERSION = YES;
				GCC_WARN_ABOUT_RETURN_TYPE = YES_ERROR;
				GCC_WARN_UNDECLARED_SELECTOR = YES;
				GCC_WARN_UNINITIALIZED_AUTOS = YES_AGGRESSIVE;
				GCC_WARN_UNUSED_FUNCTION = YES;
				GCC_WARN_UNUSED_VARIABLE = YES;
				IPHONEOS_DEPLOYMENT_TARGET = 16.2;
				MTL_ENABLE_DEBUG_INFO = INCLUDE_SOURCE;
				MTL_FAST_MATH = YES;
				ONLY_ACTIVE_ARCH = YES;
				SDKROOT = iphoneos;
				SWIFT_ACTIVE_COMPILATION_CONDITIONS = DEBUG;
				SWIFT_OPTIMIZATION_LEVEL = "-Onone";
			};
			name = Debug;
		};
		A0206E6F2988769D006EED95 /* Release */ = {
			isa = XCBuildConfiguration;
			buildSettings = {
				ALWAYS_SEARCH_USER_PATHS = NO;
				CLANG_ANALYZER_NONNULL = YES;
				CLANG_ANALYZER_NUMBER_OBJECT_CONVERSION = YES_AGGRESSIVE;
				CLANG_CXX_LANGUAGE_STANDARD = "gnu++20";
				CLANG_ENABLE_MODULES = YES;
				CLANG_ENABLE_OBJC_ARC = YES;
				CLANG_ENABLE_OBJC_WEAK = YES;
				CLANG_WARN_BLOCK_CAPTURE_AUTORELEASING = YES;
				CLANG_WARN_BOOL_CONVERSION = YES;
				CLANG_WARN_COMMA = YES;
				CLANG_WARN_CONSTANT_CONVERSION = YES;
				CLANG_WARN_DEPRECATED_OBJC_IMPLEMENTATIONS = YES;
				CLANG_WARN_DIRECT_OBJC_ISA_USAGE = YES_ERROR;
				CLANG_WARN_DOCUMENTATION_COMMENTS = YES;
				CLANG_WARN_EMPTY_BODY = YES;
				CLANG_WARN_ENUM_CONVERSION = YES;
				CLANG_WARN_INFINITE_RECURSION = YES;
				CLANG_WARN_INT_CONVERSION = YES;
				CLANG_WARN_NON_LITERAL_NULL_CONVERSION = YES;
				CLANG_WARN_OBJC_IMPLICIT_RETAIN_SELF = YES;
				CLANG_WARN_OBJC_LITERAL_CONVERSION = YES;
				CLANG_WARN_OBJC_ROOT_CLASS = YES_ERROR;
				CLANG_WARN_QUOTED_INCLUDE_IN_FRAMEWORK_HEADER = YES;
				CLANG_WARN_RANGE_LOOP_ANALYSIS = YES;
				CLANG_WARN_STRICT_PROTOTYPES = YES;
				CLANG_WARN_SUSPICIOUS_MOVE = YES;
				CLANG_WARN_UNGUARDED_AVAILABILITY = YES_AGGRESSIVE;
				CLANG_WARN_UNREACHABLE_CODE = YES;
				CLANG_WARN__DUPLICATE_METHOD_MATCH = YES;
				COPY_PHASE_STRIP = NO;
				DEBUG_INFORMATION_FORMAT = "dwarf-with-dsym";
				ENABLE_NS_ASSERTIONS = NO;
				ENABLE_STRICT_OBJC_MSGSEND = YES;
				GCC_C_LANGUAGE_STANDARD = gnu11;
				GCC_NO_COMMON_BLOCKS = YES;
				GCC_WARN_64_TO_32_BIT_CONVERSION = YES;
				GCC_WARN_ABOUT_RETURN_TYPE = YES_ERROR;
				GCC_WARN_UNDECLARED_SELECTOR = YES;
				GCC_WARN_UNINITIALIZED_AUTOS = YES_AGGRESSIVE;
				GCC_WARN_UNUSED_FUNCTION = YES;
				GCC_WARN_UNUSED_VARIABLE = YES;
				IPHONEOS_DEPLOYMENT_TARGET = 16.2;
				MTL_ENABLE_DEBUG_INFO = NO;
				MTL_FAST_MATH = YES;
				SDKROOT = iphoneos;
				SWIFT_COMPILATION_MODE = wholemodule;
				SWIFT_OPTIMIZATION_LEVEL = "-O";
				VALIDATE_PRODUCT = YES;
			};
			name = Release;
		};
		A0206E712988769D006EED95 /* Debug */ = {
			isa = XCBuildConfiguration;
			buildSettings = {
				ASSETCATALOG_COMPILER_APPICON_NAME = AppIcon;
				ASSETCATALOG_COMPILER_GLOBAL_ACCENT_COLOR_NAME = AccentColor;
				CODE_SIGN_STYLE = Automatic;
				CURRENT_PROJECT_VERSION = 1;
				DEVELOPMENT_TEAM = 3759FXF6U2;
				GENERATE_INFOPLIST_FILE = YES;
				INFOPLIST_FILE = "Marvel Characters/Resources/Info.plist";
				INFOPLIST_KEY_UIApplicationSupportsIndirectInputEvents = YES;
				INFOPLIST_KEY_UILaunchStoryboardName = LaunchScreen;
				INFOPLIST_KEY_UISupportedInterfaceOrientations = UIInterfaceOrientationPortrait;
				INFOPLIST_KEY_UISupportedInterfaceOrientations_iPad = "UIInterfaceOrientationLandscapeLeft UIInterfaceOrientationLandscapeRight UIInterfaceOrientationPortrait UIInterfaceOrientationPortraitUpsideDown";
				LD_RUNPATH_SEARCH_PATHS = (
					"$(inherited)",
					"@executable_path/Frameworks",
				);
				MARKETING_VERSION = 1.0;
				PRODUCT_BUNDLE_IDENTIFIER = "com.bandeira.Marvel-Characters";
				PRODUCT_NAME = "$(TARGET_NAME)";
				SWIFT_EMIT_LOC_STRINGS = YES;
				SWIFT_VERSION = 5.0;
				TARGETED_DEVICE_FAMILY = "1,2";
			};
			name = Debug;
		};
		A0206E722988769D006EED95 /* Release */ = {
			isa = XCBuildConfiguration;
			buildSettings = {
				ASSETCATALOG_COMPILER_APPICON_NAME = AppIcon;
				ASSETCATALOG_COMPILER_GLOBAL_ACCENT_COLOR_NAME = AccentColor;
				CODE_SIGN_STYLE = Automatic;
				CURRENT_PROJECT_VERSION = 1;
				DEVELOPMENT_TEAM = 3759FXF6U2;
				GENERATE_INFOPLIST_FILE = YES;
				INFOPLIST_FILE = "Marvel Characters/Resources/Info.plist";
				INFOPLIST_KEY_UIApplicationSupportsIndirectInputEvents = YES;
				INFOPLIST_KEY_UILaunchStoryboardName = LaunchScreen;
				INFOPLIST_KEY_UISupportedInterfaceOrientations = UIInterfaceOrientationPortrait;
				INFOPLIST_KEY_UISupportedInterfaceOrientations_iPad = "UIInterfaceOrientationLandscapeLeft UIInterfaceOrientationLandscapeRight UIInterfaceOrientationPortrait UIInterfaceOrientationPortraitUpsideDown";
				LD_RUNPATH_SEARCH_PATHS = (
					"$(inherited)",
					"@executable_path/Frameworks",
				);
				MARKETING_VERSION = 1.0;
				PRODUCT_BUNDLE_IDENTIFIER = "com.bandeira.Marvel-Characters";
				PRODUCT_NAME = "$(TARGET_NAME)";
				SWIFT_EMIT_LOC_STRINGS = YES;
				SWIFT_VERSION = 5.0;
				TARGETED_DEVICE_FAMILY = "1,2";
			};
			name = Release;
		};
		A0206E742988769D006EED95 /* Debug */ = {
			isa = XCBuildConfiguration;
			buildSettings = {
				ALWAYS_EMBED_SWIFT_STANDARD_LIBRARIES = YES;
				BUNDLE_LOADER = "$(TEST_HOST)";
				CODE_SIGN_STYLE = Automatic;
				CURRENT_PROJECT_VERSION = 1;
				DEVELOPMENT_TEAM = 3759FXF6U2;
				GENERATE_INFOPLIST_FILE = YES;
				IPHONEOS_DEPLOYMENT_TARGET = 16.2;
				MARKETING_VERSION = 1.0;
				PRODUCT_BUNDLE_IDENTIFIER = "com.bandeira.Marvel-CharactersTests";
				PRODUCT_NAME = "$(TARGET_NAME)";
				SWIFT_EMIT_LOC_STRINGS = NO;
				SWIFT_VERSION = 5.0;
				TARGETED_DEVICE_FAMILY = "1,2";
				TEST_HOST = "$(BUILT_PRODUCTS_DIR)/Marvel Characters.app/$(BUNDLE_EXECUTABLE_FOLDER_PATH)/Marvel Characters";
			};
			name = Debug;
		};
		A0206E752988769D006EED95 /* Release */ = {
			isa = XCBuildConfiguration;
			buildSettings = {
				ALWAYS_EMBED_SWIFT_STANDARD_LIBRARIES = YES;
				BUNDLE_LOADER = "$(TEST_HOST)";
				CODE_SIGN_STYLE = Automatic;
				CURRENT_PROJECT_VERSION = 1;
				DEVELOPMENT_TEAM = 3759FXF6U2;
				GENERATE_INFOPLIST_FILE = YES;
				IPHONEOS_DEPLOYMENT_TARGET = 16.2;
				MARKETING_VERSION = 1.0;
				PRODUCT_BUNDLE_IDENTIFIER = "com.bandeira.Marvel-CharactersTests";
				PRODUCT_NAME = "$(TARGET_NAME)";
				SWIFT_EMIT_LOC_STRINGS = NO;
				SWIFT_VERSION = 5.0;
				TARGETED_DEVICE_FAMILY = "1,2";
				TEST_HOST = "$(BUILT_PRODUCTS_DIR)/Marvel Characters.app/$(BUNDLE_EXECUTABLE_FOLDER_PATH)/Marvel Characters";
			};
			name = Release;
		};
		A0206E772988769D006EED95 /* Debug */ = {
			isa = XCBuildConfiguration;
			buildSettings = {
				ALWAYS_EMBED_SWIFT_STANDARD_LIBRARIES = YES;
				CODE_SIGN_STYLE = Automatic;
				CURRENT_PROJECT_VERSION = 1;
				DEVELOPMENT_TEAM = 3759FXF6U2;
				GENERATE_INFOPLIST_FILE = YES;
				MARKETING_VERSION = 1.0;
				PRODUCT_BUNDLE_IDENTIFIER = "com.bandeira.Marvel-CharactersUITests";
				PRODUCT_NAME = "$(TARGET_NAME)";
				SWIFT_EMIT_LOC_STRINGS = NO;
				SWIFT_VERSION = 5.0;
				TARGETED_DEVICE_FAMILY = "1,2";
				TEST_TARGET_NAME = "Marvel Characters";
			};
			name = Debug;
		};
		A0206E782988769D006EED95 /* Release */ = {
			isa = XCBuildConfiguration;
			buildSettings = {
				ALWAYS_EMBED_SWIFT_STANDARD_LIBRARIES = YES;
				CODE_SIGN_STYLE = Automatic;
				CURRENT_PROJECT_VERSION = 1;
				DEVELOPMENT_TEAM = 3759FXF6U2;
				GENERATE_INFOPLIST_FILE = YES;
				MARKETING_VERSION = 1.0;
				PRODUCT_BUNDLE_IDENTIFIER = "com.bandeira.Marvel-CharactersUITests";
				PRODUCT_NAME = "$(TARGET_NAME)";
				SWIFT_EMIT_LOC_STRINGS = NO;
				SWIFT_VERSION = 5.0;
				TARGETED_DEVICE_FAMILY = "1,2";
				TEST_TARGET_NAME = "Marvel Characters";
			};
			name = Release;
		};
/* End XCBuildConfiguration section */

/* Begin XCConfigurationList section */
		A0206E412988769C006EED95 /* Build configuration list for PBXProject "Marvel Characters" */ = {
			isa = XCConfigurationList;
			buildConfigurations = (
				A0206E6E2988769D006EED95 /* Debug */,
				A0206E6F2988769D006EED95 /* Release */,
			);
			defaultConfigurationIsVisible = 0;
			defaultConfigurationName = Release;
		};
		A0206E702988769D006EED95 /* Build configuration list for PBXNativeTarget "Marvel Characters" */ = {
			isa = XCConfigurationList;
			buildConfigurations = (
				A0206E712988769D006EED95 /* Debug */,
				A0206E722988769D006EED95 /* Release */,
			);
			defaultConfigurationIsVisible = 0;
			defaultConfigurationName = Release;
		};
		A0206E732988769D006EED95 /* Build configuration list for PBXNativeTarget "Marvel CharactersTests" */ = {
			isa = XCConfigurationList;
			buildConfigurations = (
				A0206E742988769D006EED95 /* Debug */,
				A0206E752988769D006EED95 /* Release */,
			);
			defaultConfigurationIsVisible = 0;
			defaultConfigurationName = Release;
		};
		A0206E762988769D006EED95 /* Build configuration list for PBXNativeTarget "Marvel CharactersUITests" */ = {
			isa = XCConfigurationList;
			buildConfigurations = (
				A0206E772988769D006EED95 /* Debug */,
				A0206E782988769D006EED95 /* Release */,
			);
			defaultConfigurationIsVisible = 0;
			defaultConfigurationName = Release;
		};
/* End XCConfigurationList section */
	};
	rootObject = A0206E3E2988769C006EED95 /* Project object */;
}
